// !$*UTF8*$!
{
	archiveVersion = 1;
	classes = {
	};
	objectVersion = 46;
	objects = {

/* Begin PBXBuildFile section */
		080214861C692CA1008B55D3 /* xattrTests.swift in Sources */ = {isa = PBXBuildFile; fileRef = 083382FB1C69189300D40EEB /* xattrTests.swift */; };
		080214881C693A69008B55D3 /* FileManager.swift in Sources */ = {isa = PBXBuildFile; fileRef = 080214871C693A69008B55D3 /* FileManager.swift */; };
		080214891C6A923D008B55D3 /* lognormal.R in Resources */ = {isa = PBXBuildFile; fileRef = 083305F51C519B8500E27F66 /* lognormal.R */; };
		081468371C755A1E006DF8FC /* FileImporterTests.swift in Sources */ = {isa = PBXBuildFile; fileRef = 081468361C755A1E006DF8FC /* FileImporterTests.swift */; };
		08159D1E1C77656C004A205A /* NSProgressTests.m in Sources */ = {isa = PBXBuildFile; fileRef = 08159D1D1C77656C004A205A /* NSProgressTests.m */; };
		0816F89A1C6D0F7D00A6120B /* HTMLString.swift in Sources */ = {isa = PBXBuildFile; fileRef = 0816F8991C6D0F7D00A6120B /* HTMLString.swift */; };
		0816F89C1C6D2BA000A6120B /* SessionDelegates.swift in Sources */ = {isa = PBXBuildFile; fileRef = 0816F89B1C6D2BA000A6120B /* SessionDelegates.swift */; };
		0816F89E1C6D320D00A6120B /* DefaultSessionFileHandler.swift in Sources */ = {isa = PBXBuildFile; fileRef = 0816F89D1C6D320D00A6120B /* DefaultSessionFileHandler.swift */; };
		0816F8A01C6D3A4500A6120B /* MacSessionHandlers.swift in Sources */ = {isa = PBXBuildFile; fileRef = 0816F89F1C6D3A4500A6120B /* MacSessionHandlers.swift */; };
		0825475B1C7A37C400CBB0B9 /* WorkspaceKVOTests.swift in Sources */ = {isa = PBXBuildFile; fileRef = 0825475A1C7A37C400CBB0B9 /* WorkspaceKVOTests.swift */; };
		083174041C5571D300071408 /* RootViewController.swift in Sources */ = {isa = PBXBuildFile; fileRef = 083174031C5571D300071408 /* RootViewController.swift */; };
		083174061C56BE7B00071408 /* SessionSplitController.swift in Sources */ = {isa = PBXBuildFile; fileRef = 083174051C56BE7B00071408 /* SessionSplitController.swift */; };
		0831740A1C56DB2B00071408 /* Swinject.framework in Embed Frameworks */ = {isa = PBXBuildFile; fileRef = 086BC9B21C556A2E006ABAE0 /* Swinject.framework */; settings = {ATTRIBUTES = (CodeSignOnCopy, RemoveHeadersOnCopy, ); }; };
		0831740B1C56DCAA00071408 /* SwiftWebSocket.framework in Frameworks */ = {isa = PBXBuildFile; fileRef = 086BC9A91C54B9C7006ABAE0 /* SwiftWebSocket.framework */; };
		0831740C1C56DCAA00071408 /* SwiftWebSocket.framework in Embed Frameworks */ = {isa = PBXBuildFile; fileRef = 086BC9A91C54B9C7006ABAE0 /* SwiftWebSocket.framework */; settings = {ATTRIBUTES = (CodeSignOnCopy, RemoveHeadersOnCopy, ); }; };
		0831740E1C577A2500071408 /* ConsoleTextField.swift in Sources */ = {isa = PBXBuildFile; fileRef = 0831740D1C577A2500071408 /* ConsoleTextField.swift */; };
		083174101C57B2E200071408 /* CommandHistory.swift in Sources */ = {isa = PBXBuildFile; fileRef = 0831740F1C57B2E200071408 /* CommandHistory.swift */; };
		083174121C58014500071408 /* ServerResponseHandler.swift in Sources */ = {isa = PBXBuildFile; fileRef = 083174111C58014500071408 /* ServerResponseHandler.swift */; };
		083174141C5828B400071408 /* ResultsView.swift in Sources */ = {isa = PBXBuildFile; fileRef = 083174131C5828B400071408 /* ResultsView.swift */; };
		083174161C587F7F00071408 /* ImageCache.swift in Sources */ = {isa = PBXBuildFile; fileRef = 083174151C587F7F00071408 /* ImageCache.swift */; };
		083174181C5888F200071408 /* BrightFutures.framework in Frameworks */ = {isa = PBXBuildFile; fileRef = 083174171C5888F200071408 /* BrightFutures.framework */; };
		0831741A1C5888FB00071408 /* BrightFutures.framework in Embed Frameworks */ = {isa = PBXBuildFile; fileRef = 083174171C5888F200071408 /* BrightFutures.framework */; settings = {ATTRIBUTES = (CodeSignOnCopy, RemoveHeadersOnCopy, ); }; };
		0831741C1C588B1E00071408 /* Result.framework in Frameworks */ = {isa = PBXBuildFile; fileRef = 0831741B1C588B1E00071408 /* Result.framework */; };
		083174201C588B8C00071408 /* Result.framework in Embed Frameworks */ = {isa = PBXBuildFile; fileRef = 0831741B1C588B1E00071408 /* Result.framework */; settings = {ATTRIBUTES = (CodeSignOnCopy, RemoveHeadersOnCopy, ); }; };
		083305D71C4FE79700E27F66 /* ToolbarItemHandler.swift in Sources */ = {isa = PBXBuildFile; fileRef = 083305D61C4FE79700E27F66 /* ToolbarItemHandler.swift */; };
		083305D91C501B7300E27F66 /* MainWindowController.swift in Sources */ = {isa = PBXBuildFile; fileRef = 083305D81C501B7300E27F66 /* MainWindowController.swift */; };
		083305DD1C511F4700E27F66 /* RecursiveFlatMap.swift in Sources */ = {isa = PBXBuildFile; fileRef = 083305DC1C511F4700E27F66 /* RecursiveFlatMap.swift */; };
		083305E01C51571500E27F66 /* Localizable.strings in Resources */ = {isa = PBXBuildFile; fileRef = 083305DE1C51571500E27F66 /* Localizable.strings */; };
		083305E21C517F8900E27F66 /* FileViewController.swift in Sources */ = {isa = PBXBuildFile; fileRef = 083305E11C517F8900E27F66 /* FileViewController.swift */; };
		083305E41C517FC000E27F66 /* VariableViewController.swift in Sources */ = {isa = PBXBuildFile; fileRef = 083305E31C517FC000E27F66 /* VariableViewController.swift */; };
		083305E61C517FE300E27F66 /* UsersViewController.swift in Sources */ = {isa = PBXBuildFile; fileRef = 083305E51C517FE300E27F66 /* UsersViewController.swift */; };
		083305E81C51812300E27F66 /* AbstractSessionViewController.swift in Sources */ = {isa = PBXBuildFile; fileRef = 083305E71C51812300E27F66 /* AbstractSessionViewController.swift */; };
		083305F01C519B4B00E27F66 /* ColorEnumTests.swift in Sources */ = {isa = PBXBuildFile; fileRef = 083305ED1C519B4B00E27F66 /* ColorEnumTests.swift */; };
		083305F11C519B4B00E27F66 /* resultsWithImages.json in Resources */ = {isa = PBXBuildFile; fileRef = 083305EE1C519B4B00E27F66 /* resultsWithImages.json */; };
		083305F21C519B4B00E27F66 /* ServerResponseTests.swift in Sources */ = {isa = PBXBuildFile; fileRef = 083305EF1C519B4B00E27F66 /* ServerResponseTests.swift */; };
		083305F91C519B8500E27F66 /* createWorkspace.json in Resources */ = {isa = PBXBuildFile; fileRef = 083305F31C519B8500E27F66 /* createWorkspace.json */; };
		083305FA1C519B8500E27F66 /* loginResults.json in Resources */ = {isa = PBXBuildFile; fileRef = 083305F41C519B8500E27F66 /* loginResults.json */; };
		083305FB1C519B8500E27F66 /* Rc2FileTypeTest.swift in Sources */ = {isa = PBXBuildFile; fileRef = 083305F61C519B8500E27F66 /* Rc2FileTypeTest.swift */; };
		083305FD1C519B8500E27F66 /* RestServerTest.swift in Sources */ = {isa = PBXBuildFile; fileRef = 083305F81C519B8500E27F66 /* RestServerTest.swift */; };
		083306071C51A0B200E27F66 /* CommonDefaults.plist in Resources */ = {isa = PBXBuildFile; fileRef = 083306061C51A0B200E27F66 /* CommonDefaults.plist */; };
		0833061E1C541BB700E27F66 /* SwiftyJSON.swift in Sources */ = {isa = PBXBuildFile; fileRef = 0833061D1C541BB700E27F66 /* SwiftyJSON.swift */; };
		083382F11C64341C00D40EEB /* AppStatusView.swift in Sources */ = {isa = PBXBuildFile; fileRef = 083382F01C64341C00D40EEB /* AppStatusView.swift */; };
		083382F31C653B6300D40EEB /* xattr.swift in Sources */ = {isa = PBXBuildFile; fileRef = 083382F21C653B6300D40EEB /* xattr.swift */; };
		083382F61C68E59300D40EEB /* FileCache.swift in Sources */ = {isa = PBXBuildFile; fileRef = 083382F51C68E59300D40EEB /* FileCache.swift */; };
		083382F81C68EBC200D40EEB /* FileCacheTests.swift in Sources */ = {isa = PBXBuildFile; fileRef = 083382F71C68EBC200D40EEB /* FileCacheTests.swift */; };
		083382FA1C68F2A900D40EEB /* BaseTest.swift in Sources */ = {isa = PBXBuildFile; fileRef = 083382F91C68F2A900D40EEB /* BaseTest.swift */; };
		083550CD1C760F050013E2B5 /* NSProgress+Rc2.m in Sources */ = {isa = PBXBuildFile; fileRef = 083550CC1C760F050013E2B5 /* NSProgress+Rc2.m */; };
		0845CB1E1C616E060090267C /* CommonMocks.swift in Sources */ = {isa = PBXBuildFile; fileRef = 0845CB1D1C616E060090267C /* CommonMocks.swift */; };
		0868FC591C7789C3002386CB /* NSURL+Rc2.swift in Sources */ = {isa = PBXBuildFile; fileRef = 0868FC581C7789C3002386CB /* NSURL+Rc2.swift */; };
		086BC99F1C5422C0006ABAE0 /* XCGLogger.framework in Frameworks */ = {isa = PBXBuildFile; fileRef = 086BC99E1C5422C0006ABAE0 /* XCGLogger.framework */; };
		086BC9A11C542309006ABAE0 /* XCGLogger.framework in Embed Frameworks */ = {isa = PBXBuildFile; fileRef = 086BC99E1C5422C0006ABAE0 /* XCGLogger.framework */; settings = {ATTRIBUTES = (CodeSignOnCopy, RemoveHeadersOnCopy, ); }; };
		086BC9A41C5423D0006ABAE0 /* Mockingjay.framework in Frameworks */ = {isa = PBXBuildFile; fileRef = 086BC9A31C5423D0006ABAE0 /* Mockingjay.framework */; };
		086BC9AD1C552AA0006ABAE0 /* SpinLock.swift in Sources */ = {isa = PBXBuildFile; fileRef = 086BC9AC1C552AA0006ABAE0 /* SpinLock.swift */; };
		086BC9AF1C552D43006ABAE0 /* AppStatus.swift in Sources */ = {isa = PBXBuildFile; fileRef = 086BC9AE1C552D43006ABAE0 /* AppStatus.swift */; };
		086BC9B31C556A2E006ABAE0 /* Swinject.framework in Frameworks */ = {isa = PBXBuildFile; fileRef = 086BC9B21C556A2E006ABAE0 /* Swinject.framework */; };
		087AE5AF1C75F12600076F7A /* KVObserver.m in Sources */ = {isa = PBXBuildFile; fileRef = 087AE5AB1C75F12600076F7A /* KVObserver.m */; };
		087AE5B01C75F12600076F7A /* KVObserver.swift in Sources */ = {isa = PBXBuildFile; fileRef = 087AE5AC1C75F12600076F7A /* KVObserver.swift */; };
		088CE66D1C4B0AF400153414 /* MacAppDelegate.swift in Sources */ = {isa = PBXBuildFile; fileRef = 088CE66C1C4B0AF400153414 /* MacAppDelegate.swift */; };
		088CE66F1C4B0AF400153414 /* LoginViewController.swift in Sources */ = {isa = PBXBuildFile; fileRef = 088CE66E1C4B0AF400153414 /* LoginViewController.swift */; };
		088CE6711C4B0AF400153414 /* Assets.xcassets in Resources */ = {isa = PBXBuildFile; fileRef = 088CE6701C4B0AF400153414 /* Assets.xcassets */; };
		088CE6741C4B0AF400153414 /* Main.storyboard in Resources */ = {isa = PBXBuildFile; fileRef = 088CE6721C4B0AF400153414 /* Main.storyboard */; };
		088CE6A41C4B605D00153414 /* ColorEnums.swift in Sources */ = {isa = PBXBuildFile; fileRef = 088CE6951C4B605D00153414 /* ColorEnums.swift */; };
		088CE6A51C4B605D00153414 /* File.swift in Sources */ = {isa = PBXBuildFile; fileRef = 088CE6971C4B605D00153414 /* File.swift */; };
		088CE6A61C4B605D00153414 /* FileType.swift in Sources */ = {isa = PBXBuildFile; fileRef = 088CE6981C4B605D00153414 /* FileType.swift */; };
		088CE6A71C4B605D00153414 /* FileTypes.plist in Resources */ = {isa = PBXBuildFile; fileRef = 088CE6991C4B605D00153414 /* FileTypes.plist */; };
		088CE6A81C4B605D00153414 /* LoginSession.swift in Sources */ = {isa = PBXBuildFile; fileRef = 088CE69A1C4B605D00153414 /* LoginSession.swift */; };
		088CE6A91C4B605D00153414 /* User.swift in Sources */ = {isa = PBXBuildFile; fileRef = 088CE69B1C4B605D00153414 /* User.swift */; };
		088CE6AA1C4B605D00153414 /* Workspace.swift in Sources */ = {isa = PBXBuildFile; fileRef = 088CE69C1C4B605D00153414 /* Workspace.swift */; };
		088CE6AB1C4B605D00153414 /* RestHosts.json in Resources */ = {isa = PBXBuildFile; fileRef = 088CE69E1C4B605D00153414 /* RestHosts.json */; };
		088CE6AC1C4B605D00153414 /* RestServer.swift in Sources */ = {isa = PBXBuildFile; fileRef = 088CE69F1C4B605D00153414 /* RestServer.swift */; };
		088CE6AD1C4B605D00153414 /* ServerResponse.swift in Sources */ = {isa = PBXBuildFile; fileRef = 088CE6A01C4B605D00153414 /* ServerResponse.swift */; };
		088CE6AE1C4B605D00153414 /* Session.swift in Sources */ = {isa = PBXBuildFile; fileRef = 088CE6A11C4B605D00153414 /* Session.swift */; };
		088CE6AF1C4B605D00153414 /* WebSocketSource.swift in Sources */ = {isa = PBXBuildFile; fileRef = 088CE6A21C4B605D00153414 /* WebSocketSource.swift */; };
		088CE6B01C4B605D00153414 /* SystemExtensions.swift in Sources */ = {isa = PBXBuildFile; fileRef = 088CE6A31C4B605D00153414 /* SystemExtensions.swift */; };
		088CE6B61C4B71F300153414 /* Constants.swift in Sources */ = {isa = PBXBuildFile; fileRef = 088CE6B51C4B71F300153414 /* Constants.swift */; };
		088CE6B81C4C44A800153414 /* Keychain.swift in Sources */ = {isa = PBXBuildFile; fileRef = 088CE6B71C4C44A800153414 /* Keychain.swift */; };
		088CE6BA1C4C44BE00153414 /* Security.framework in Frameworks */ = {isa = PBXBuildFile; fileRef = 088CE6B91C4C44BD00153414 /* Security.framework */; };
		088CE6BC1C4C508000153414 /* KeychainTests.swift in Sources */ = {isa = PBXBuildFile; fileRef = 088CE6BB1C4C508000153414 /* KeychainTests.swift */; };
		088CE6BE1C4DAFA500153414 /* WorkspacesViewController.swift in Sources */ = {isa = PBXBuildFile; fileRef = 088CE6BD1C4DAFA500153414 /* WorkspacesViewController.swift */; };
		089FF3281C58E771002A3227 /* NSStoryboard+TypeSaftey.swift in Sources */ = {isa = PBXBuildFile; fileRef = 089FF3271C58E771002A3227 /* NSStoryboard+TypeSaftey.swift */; };
		08B036221C73B131005928B3 /* FileImporter.swift in Sources */ = {isa = PBXBuildFile; fileRef = 08B036211C73B131005928B3 /* FileImporter.swift */; };
		08CB553E1C5A0FB8002CB7EE /* MonoFontManager.swift in Sources */ = {isa = PBXBuildFile; fileRef = 08CB553D1C5A0FB8002CB7EE /* MonoFontManager.swift */; };
		08CB55401C5A6E71002CB7EE /* MonoFontManagerTests.swift in Sources */ = {isa = PBXBuildFile; fileRef = 08CB553F1C5A6E71002CB7EE /* MonoFontManagerTests.swift */; };
		08CB55421C5A8756002CB7EE /* CryptoSwift.framework in Frameworks */ = {isa = PBXBuildFile; fileRef = 08CB55411C5A8756002CB7EE /* CryptoSwift.framework */; };
		08CB55441C5A875F002CB7EE /* CryptoSwift.framework in Embed Frameworks */ = {isa = PBXBuildFile; fileRef = 08CB55411C5A8756002CB7EE /* CryptoSwift.framework */; settings = {ATTRIBUTES = (CodeSignOnCopy, RemoveHeadersOnCopy, ); }; };
		08CB55501C5AC727002CB7EE /* SessionEditor.swift in Sources */ = {isa = PBXBuildFile; fileRef = 08CB554F1C5AC727002CB7EE /* SessionEditor.swift */; };
		08CB55521C5C06B2002CB7EE /* OutputController.swift in Sources */ = {isa = PBXBuildFile; fileRef = 08CB55511C5C06B2002CB7EE /* OutputController.swift */; };
		08CB55541C5C096E002CB7EE /* ImageOutputController.swift in Sources */ = {isa = PBXBuildFile; fileRef = 08CB55531C5C096E002CB7EE /* ImageOutputController.swift */; };
		08ED575D1C723CC3002B2558 /* TargetActionBlock.swift in Sources */ = {isa = PBXBuildFile; fileRef = 08ED575C1C723CC3002B2558 /* TargetActionBlock.swift */; };
		08ED575F1C724383002B2558 /* MacFileImportSetup.swift in Sources */ = {isa = PBXBuildFile; fileRef = 08ED575E1C724383002B2558 /* MacFileImportSetup.swift */; };
		08F448FA1C4E244500C64706 /* SessionEditorController.swift in Sources */ = {isa = PBXBuildFile; fileRef = 08F448F51C4E244500C64706 /* SessionEditorController.swift */; };
		08F448FB1C4E244500C64706 /* MacSessionMultiController.swift in Sources */ = {isa = PBXBuildFile; fileRef = 08F448F61C4E244500C64706 /* MacSessionMultiController.swift */; };
		08F448FC1C4E244500C64706 /* SessionConsoleController.swift in Sources */ = {isa = PBXBuildFile; fileRef = 08F448F71C4E244500C64706 /* SessionConsoleController.swift */; };
		08F448FD1C4E244500C64706 /* MainWindow.storyboard in Resources */ = {isa = PBXBuildFile; fileRef = 08F448F81C4E244500C64706 /* MainWindow.storyboard */; };
		08F449001C4EBEF100C64706 /* MacSplitter.swift in Sources */ = {isa = PBXBuildFile; fileRef = 08F448FF1C4EBEF100C64706 /* MacSplitter.swift */; };
		08FDB1991C591409006FCD1A /* ImageCacheTests.swift in Sources */ = {isa = PBXBuildFile; fileRef = 08FDB1981C591409006FCD1A /* ImageCacheTests.swift */; };
		08FDB19B1C5917C3006FCD1A /* graph.png in Resources */ = {isa = PBXBuildFile; fileRef = 08FDB19A1C5917C3006FCD1A /* graph.png */; };
		08FDB19D1C5919BC006FCD1A /* BrightFutures.framework in Frameworks */ = {isa = PBXBuildFile; fileRef = 08FDB19C1C5919BC006FCD1A /* BrightFutures.framework */; };
		08FDB19E1C5919D8006FCD1A /* Result.framework in Frameworks */ = {isa = PBXBuildFile; fileRef = 0831741B1C588B1E00071408 /* Result.framework */; };
/* End PBXBuildFile section */

/* Begin PBXContainerItemProxy section */
		088CE67B1C4B0AF500153414 /* PBXContainerItemProxy */ = {
			isa = PBXContainerItemProxy;
			containerPortal = 088CE6611C4B0AF400153414 /* Project object */;
			proxyType = 1;
			remoteGlobalIDString = 088CE6681C4B0AF400153414;
			remoteInfo = MacClient;
		};
/* End PBXContainerItemProxy section */

/* Begin PBXCopyFilesBuildPhase section */
		088CE6921C4B136800153414 /* Embed Frameworks */ = {
			isa = PBXCopyFilesBuildPhase;
			buildActionMask = 2147483647;
			dstPath = "";
			dstSubfolderSpec = 10;
			files = (
				086BC9A11C542309006ABAE0 /* XCGLogger.framework in Embed Frameworks */,
				0831741A1C5888FB00071408 /* BrightFutures.framework in Embed Frameworks */,
				083174201C588B8C00071408 /* Result.framework in Embed Frameworks */,
				08CB55441C5A875F002CB7EE /* CryptoSwift.framework in Embed Frameworks */,
				0831740A1C56DB2B00071408 /* Swinject.framework in Embed Frameworks */,
				0831740C1C56DCAA00071408 /* SwiftWebSocket.framework in Embed Frameworks */,
			);
			name = "Embed Frameworks";
			runOnlyForDeploymentPostprocessing = 0;
		};
/* End PBXCopyFilesBuildPhase section */

/* Begin PBXFileReference section */
		080214871C693A69008B55D3 /* FileManager.swift */ = {isa = PBXFileReference; fileEncoding = 4; lastKnownFileType = sourcecode.swift; name = FileManager.swift; path = shared/FileManager.swift; sourceTree = SOURCE_ROOT; };
		081468361C755A1E006DF8FC /* FileImporterTests.swift */ = {isa = PBXFileReference; fileEncoding = 4; lastKnownFileType = sourcecode.swift; path = FileImporterTests.swift; sourceTree = "<group>"; };
		08159D1D1C77656C004A205A /* NSProgressTests.m */ = {isa = PBXFileReference; fileEncoding = 4; lastKnownFileType = sourcecode.c.objc; path = NSProgressTests.m; sourceTree = "<group>"; };
		0816F8991C6D0F7D00A6120B /* HTMLString.swift */ = {isa = PBXFileReference; fileEncoding = 4; lastKnownFileType = sourcecode.swift; path = HTMLString.swift; sourceTree = "<group>"; };
		0816F89B1C6D2BA000A6120B /* SessionDelegates.swift */ = {isa = PBXFileReference; fileEncoding = 4; lastKnownFileType = sourcecode.swift; path = SessionDelegates.swift; sourceTree = "<group>"; };
		0816F89D1C6D320D00A6120B /* DefaultSessionFileHandler.swift */ = {isa = PBXFileReference; fileEncoding = 4; lastKnownFileType = sourcecode.swift; path = DefaultSessionFileHandler.swift; sourceTree = "<group>"; };
		0816F89F1C6D3A4500A6120B /* MacSessionHandlers.swift */ = {isa = PBXFileReference; fileEncoding = 4; lastKnownFileType = sourcecode.swift; path = MacSessionHandlers.swift; sourceTree = "<group>"; };
		0825475A1C7A37C400CBB0B9 /* WorkspaceKVOTests.swift */ = {isa = PBXFileReference; fileEncoding = 4; lastKnownFileType = sourcecode.swift; path = WorkspaceKVOTests.swift; sourceTree = "<group>"; };
		083174031C5571D300071408 /* RootViewController.swift */ = {isa = PBXFileReference; fileEncoding = 4; lastKnownFileType = sourcecode.swift; path = RootViewController.swift; sourceTree = "<group>"; };
		083174051C56BE7B00071408 /* SessionSplitController.swift */ = {isa = PBXFileReference; fileEncoding = 4; lastKnownFileType = sourcecode.swift; path = SessionSplitController.swift; sourceTree = "<group>"; };
		0831740D1C577A2500071408 /* ConsoleTextField.swift */ = {isa = PBXFileReference; fileEncoding = 4; lastKnownFileType = sourcecode.swift; path = ConsoleTextField.swift; sourceTree = "<group>"; };
		0831740F1C57B2E200071408 /* CommandHistory.swift */ = {isa = PBXFileReference; fileEncoding = 4; lastKnownFileType = sourcecode.swift; path = CommandHistory.swift; sourceTree = "<group>"; };
		083174111C58014500071408 /* ServerResponseHandler.swift */ = {isa = PBXFileReference; fileEncoding = 4; lastKnownFileType = sourcecode.swift; path = ServerResponseHandler.swift; sourceTree = "<group>"; };
		083174131C5828B400071408 /* ResultsView.swift */ = {isa = PBXFileReference; fileEncoding = 4; lastKnownFileType = sourcecode.swift; path = ResultsView.swift; sourceTree = "<group>"; };
		083174151C587F7F00071408 /* ImageCache.swift */ = {isa = PBXFileReference; fileEncoding = 4; lastKnownFileType = sourcecode.swift; path = ImageCache.swift; sourceTree = "<group>"; };
		083174171C5888F200071408 /* BrightFutures.framework */ = {isa = PBXFileReference; lastKnownFileType = wrapper.framework; path = BrightFutures.framework; sourceTree = BUILT_PRODUCTS_DIR; };
		0831741B1C588B1E00071408 /* Result.framework */ = {isa = PBXFileReference; lastKnownFileType = wrapper.framework; path = Result.framework; sourceTree = BUILT_PRODUCTS_DIR; };
		083305D61C4FE79700E27F66 /* ToolbarItemHandler.swift */ = {isa = PBXFileReference; fileEncoding = 4; lastKnownFileType = sourcecode.swift; path = ToolbarItemHandler.swift; sourceTree = "<group>"; };
		083305D81C501B7300E27F66 /* MainWindowController.swift */ = {isa = PBXFileReference; fileEncoding = 4; lastKnownFileType = sourcecode.swift; path = MainWindowController.swift; sourceTree = "<group>"; };
		083305DC1C511F4700E27F66 /* RecursiveFlatMap.swift */ = {isa = PBXFileReference; fileEncoding = 4; lastKnownFileType = sourcecode.swift; path = RecursiveFlatMap.swift; sourceTree = "<group>"; };
		083305DF1C51571500E27F66 /* Base */ = {isa = PBXFileReference; lastKnownFileType = text.plist.strings; name = Base; path = Base.lproj/Localizable.strings; sourceTree = "<group>"; };
		083305E11C517F8900E27F66 /* FileViewController.swift */ = {isa = PBXFileReference; fileEncoding = 4; lastKnownFileType = sourcecode.swift; path = FileViewController.swift; sourceTree = "<group>"; };
		083305E31C517FC000E27F66 /* VariableViewController.swift */ = {isa = PBXFileReference; fileEncoding = 4; lastKnownFileType = sourcecode.swift; path = VariableViewController.swift; sourceTree = "<group>"; };
		083305E51C517FE300E27F66 /* UsersViewController.swift */ = {isa = PBXFileReference; fileEncoding = 4; lastKnownFileType = sourcecode.swift; path = UsersViewController.swift; sourceTree = "<group>"; };
		083305E71C51812300E27F66 /* AbstractSessionViewController.swift */ = {isa = PBXFileReference; fileEncoding = 4; lastKnownFileType = sourcecode.swift; path = AbstractSessionViewController.swift; sourceTree = "<group>"; };
		083305ED1C519B4B00E27F66 /* ColorEnumTests.swift */ = {isa = PBXFileReference; fileEncoding = 4; lastKnownFileType = sourcecode.swift; path = ColorEnumTests.swift; sourceTree = "<group>"; };
		083305EE1C519B4B00E27F66 /* resultsWithImages.json */ = {isa = PBXFileReference; fileEncoding = 4; lastKnownFileType = text.json; path = resultsWithImages.json; sourceTree = "<group>"; };
		083305EF1C519B4B00E27F66 /* ServerResponseTests.swift */ = {isa = PBXFileReference; fileEncoding = 4; lastKnownFileType = sourcecode.swift; path = ServerResponseTests.swift; sourceTree = "<group>"; };
		083305F31C519B8500E27F66 /* createWorkspace.json */ = {isa = PBXFileReference; fileEncoding = 4; lastKnownFileType = text.json; path = createWorkspace.json; sourceTree = "<group>"; };
		083305F41C519B8500E27F66 /* loginResults.json */ = {isa = PBXFileReference; fileEncoding = 4; lastKnownFileType = text.json; path = loginResults.json; sourceTree = "<group>"; };
		083305F51C519B8500E27F66 /* lognormal.R */ = {isa = PBXFileReference; explicitFileType = text; fileEncoding = 4; path = lognormal.R; sourceTree = "<group>"; };
		083305F61C519B8500E27F66 /* Rc2FileTypeTest.swift */ = {isa = PBXFileReference; fileEncoding = 4; lastKnownFileType = sourcecode.swift; path = Rc2FileTypeTest.swift; sourceTree = "<group>"; };
		083305F71C519B8500E27F66 /* Rc2SessionTests.swift */ = {isa = PBXFileReference; fileEncoding = 4; lastKnownFileType = sourcecode.swift; path = Rc2SessionTests.swift; sourceTree = "<group>"; };
		083305F81C519B8500E27F66 /* RestServerTest.swift */ = {isa = PBXFileReference; fileEncoding = 4; lastKnownFileType = sourcecode.swift; path = RestServerTest.swift; sourceTree = "<group>"; };
		083306061C51A0B200E27F66 /* CommonDefaults.plist */ = {isa = PBXFileReference; fileEncoding = 4; lastKnownFileType = text.plist.xml; path = CommonDefaults.plist; sourceTree = "<group>"; };
		0833061D1C541BB700E27F66 /* SwiftyJSON.swift */ = {isa = PBXFileReference; fileEncoding = 4; lastKnownFileType = sourcecode.swift; name = SwiftyJSON.swift; path = submodules/SwiftyJSON/Source/SwiftyJSON.swift; sourceTree = SOURCE_ROOT; };
		083382F01C64341C00D40EEB /* AppStatusView.swift */ = {isa = PBXFileReference; fileEncoding = 4; lastKnownFileType = sourcecode.swift; path = AppStatusView.swift; sourceTree = "<group>"; };
		083382F21C653B6300D40EEB /* xattr.swift */ = {isa = PBXFileReference; fileEncoding = 4; lastKnownFileType = sourcecode.swift; path = xattr.swift; sourceTree = "<group>"; };
		083382F51C68E59300D40EEB /* FileCache.swift */ = {isa = PBXFileReference; fileEncoding = 4; lastKnownFileType = sourcecode.swift; path = FileCache.swift; sourceTree = "<group>"; };
		083382F71C68EBC200D40EEB /* FileCacheTests.swift */ = {isa = PBXFileReference; fileEncoding = 4; lastKnownFileType = sourcecode.swift; path = FileCacheTests.swift; sourceTree = "<group>"; };
		083382F91C68F2A900D40EEB /* BaseTest.swift */ = {isa = PBXFileReference; fileEncoding = 4; lastKnownFileType = sourcecode.swift; path = BaseTest.swift; sourceTree = "<group>"; };
		083382FB1C69189300D40EEB /* xattrTests.swift */ = {isa = PBXFileReference; fileEncoding = 4; lastKnownFileType = sourcecode.swift; path = xattrTests.swift; sourceTree = "<group>"; };
		083550CB1C760F050013E2B5 /* NSProgress+Rc2.h */ = {isa = PBXFileReference; fileEncoding = 4; lastKnownFileType = sourcecode.c.h; path = "NSProgress+Rc2.h"; sourceTree = "<group>"; };
		083550CC1C760F050013E2B5 /* NSProgress+Rc2.m */ = {isa = PBXFileReference; fileEncoding = 4; lastKnownFileType = sourcecode.c.objc; path = "NSProgress+Rc2.m"; sourceTree = "<group>"; };
		0845CB1D1C616E060090267C /* CommonMocks.swift */ = {isa = PBXFileReference; fileEncoding = 4; lastKnownFileType = sourcecode.swift; path = CommonMocks.swift; sourceTree = "<group>"; };
		0845CB1F1C6173CC0090267C /* DownloadRestFileTests.swift */ = {isa = PBXFileReference; fileEncoding = 4; lastKnownFileType = sourcecode.swift; path = DownloadRestFileTests.swift; sourceTree = "<group>"; };
		0868FC581C7789C3002386CB /* NSURL+Rc2.swift */ = {isa = PBXFileReference; fileEncoding = 4; lastKnownFileType = sourcecode.swift; path = "NSURL+Rc2.swift"; sourceTree = "<group>"; };
		086BC99E1C5422C0006ABAE0 /* XCGLogger.framework */ = {isa = PBXFileReference; lastKnownFileType = wrapper.framework; path = XCGLogger.framework; sourceTree = BUILT_PRODUCTS_DIR; };
		086BC9A31C5423D0006ABAE0 /* Mockingjay.framework */ = {isa = PBXFileReference; lastKnownFileType = wrapper.framework; path = Mockingjay.framework; sourceTree = BUILT_PRODUCTS_DIR; };
		086BC9A91C54B9C7006ABAE0 /* SwiftWebSocket.framework */ = {isa = PBXFileReference; lastKnownFileType = wrapper.framework; path = SwiftWebSocket.framework; sourceTree = BUILT_PRODUCTS_DIR; };
		086BC9AC1C552AA0006ABAE0 /* SpinLock.swift */ = {isa = PBXFileReference; fileEncoding = 4; lastKnownFileType = sourcecode.swift; path = SpinLock.swift; sourceTree = "<group>"; };
		086BC9AE1C552D43006ABAE0 /* AppStatus.swift */ = {isa = PBXFileReference; fileEncoding = 4; lastKnownFileType = sourcecode.swift; path = AppStatus.swift; sourceTree = "<group>"; };
		086BC9B21C556A2E006ABAE0 /* Swinject.framework */ = {isa = PBXFileReference; lastKnownFileType = wrapper.framework; path = Swinject.framework; sourceTree = BUILT_PRODUCTS_DIR; };
		087AE5AA1C75F12600076F7A /* KVObserver.h */ = {isa = PBXFileReference; fileEncoding = 4; lastKnownFileType = sourcecode.c.h; path = KVObserver.h; sourceTree = "<group>"; };
		087AE5AB1C75F12600076F7A /* KVObserver.m */ = {isa = PBXFileReference; fileEncoding = 4; lastKnownFileType = sourcecode.c.objc; path = KVObserver.m; sourceTree = "<group>"; };
		087AE5AC1C75F12600076F7A /* KVObserver.swift */ = {isa = PBXFileReference; fileEncoding = 4; lastKnownFileType = sourcecode.swift; path = KVObserver.swift; sourceTree = "<group>"; };
		087AE5B11C75F20500076F7A /* MacClient-Bridging-Header.h */ = {isa = PBXFileReference; lastKnownFileType = sourcecode.c.h; path = "MacClient-Bridging-Header.h"; sourceTree = "<group>"; };
		088CE6691C4B0AF400153414 /* Rc².app */ = {isa = PBXFileReference; explicitFileType = wrapper.application; includeInIndex = 0; path = "Rc².app"; sourceTree = BUILT_PRODUCTS_DIR; };
		088CE66C1C4B0AF400153414 /* MacAppDelegate.swift */ = {isa = PBXFileReference; lastKnownFileType = sourcecode.swift; path = MacAppDelegate.swift; sourceTree = "<group>"; };
		088CE66E1C4B0AF400153414 /* LoginViewController.swift */ = {isa = PBXFileReference; lastKnownFileType = sourcecode.swift; path = LoginViewController.swift; sourceTree = "<group>"; };
		088CE6701C4B0AF400153414 /* Assets.xcassets */ = {isa = PBXFileReference; lastKnownFileType = folder.assetcatalog; path = Assets.xcassets; sourceTree = "<group>"; };
		088CE6731C4B0AF400153414 /* Base */ = {isa = PBXFileReference; lastKnownFileType = file.storyboard; name = Base; path = Base.lproj/Main.storyboard; sourceTree = "<group>"; };
		088CE6751C4B0AF400153414 /* Info.plist */ = {isa = PBXFileReference; lastKnownFileType = text.plist.xml; path = Info.plist; sourceTree = "<group>"; };
		088CE67A1C4B0AF500153414 /* MacClientTests.xctest */ = {isa = PBXFileReference; explicitFileType = wrapper.cfbundle; includeInIndex = 0; path = MacClientTests.xctest; sourceTree = BUILT_PRODUCTS_DIR; };
		088CE6801C4B0AF500153414 /* Info.plist */ = {isa = PBXFileReference; lastKnownFileType = text.plist.xml; path = Info.plist; sourceTree = "<group>"; };
		088CE6951C4B605D00153414 /* ColorEnums.swift */ = {isa = PBXFileReference; fileEncoding = 4; lastKnownFileType = sourcecode.swift; path = ColorEnums.swift; sourceTree = "<group>"; };
		088CE6971C4B605D00153414 /* File.swift */ = {isa = PBXFileReference; fileEncoding = 4; lastKnownFileType = sourcecode.swift; path = File.swift; sourceTree = "<group>"; };
		088CE6981C4B605D00153414 /* FileType.swift */ = {isa = PBXFileReference; fileEncoding = 4; lastKnownFileType = sourcecode.swift; path = FileType.swift; sourceTree = "<group>"; };
		088CE6991C4B605D00153414 /* FileTypes.plist */ = {isa = PBXFileReference; fileEncoding = 4; lastKnownFileType = text.plist.xml; path = FileTypes.plist; sourceTree = "<group>"; };
		088CE69A1C4B605D00153414 /* LoginSession.swift */ = {isa = PBXFileReference; fileEncoding = 4; lastKnownFileType = sourcecode.swift; path = LoginSession.swift; sourceTree = "<group>"; };
		088CE69B1C4B605D00153414 /* User.swift */ = {isa = PBXFileReference; fileEncoding = 4; lastKnownFileType = sourcecode.swift; path = User.swift; sourceTree = "<group>"; };
		088CE69C1C4B605D00153414 /* Workspace.swift */ = {isa = PBXFileReference; fileEncoding = 4; lastKnownFileType = sourcecode.swift; path = Workspace.swift; sourceTree = "<group>"; };
		088CE69E1C4B605D00153414 /* RestHosts.json */ = {isa = PBXFileReference; fileEncoding = 4; lastKnownFileType = text.json; path = RestHosts.json; sourceTree = "<group>"; };
		088CE69F1C4B605D00153414 /* RestServer.swift */ = {isa = PBXFileReference; fileEncoding = 4; lastKnownFileType = sourcecode.swift; path = RestServer.swift; sourceTree = "<group>"; };
		088CE6A01C4B605D00153414 /* ServerResponse.swift */ = {isa = PBXFileReference; fileEncoding = 4; lastKnownFileType = sourcecode.swift; path = ServerResponse.swift; sourceTree = "<group>"; };
		088CE6A11C4B605D00153414 /* Session.swift */ = {isa = PBXFileReference; fileEncoding = 4; lastKnownFileType = sourcecode.swift; path = Session.swift; sourceTree = "<group>"; };
		088CE6A21C4B605D00153414 /* WebSocketSource.swift */ = {isa = PBXFileReference; fileEncoding = 4; lastKnownFileType = sourcecode.swift; path = WebSocketSource.swift; sourceTree = "<group>"; };
		088CE6A31C4B605D00153414 /* SystemExtensions.swift */ = {isa = PBXFileReference; fileEncoding = 4; lastKnownFileType = sourcecode.swift; path = SystemExtensions.swift; sourceTree = "<group>"; };
		088CE6B51C4B71F300153414 /* Constants.swift */ = {isa = PBXFileReference; fileEncoding = 4; lastKnownFileType = sourcecode.swift; path = Constants.swift; sourceTree = "<group>"; };
		088CE6B71C4C44A800153414 /* Keychain.swift */ = {isa = PBXFileReference; fileEncoding = 4; lastKnownFileType = sourcecode.swift; path = Keychain.swift; sourceTree = "<group>"; };
		088CE6B91C4C44BD00153414 /* Security.framework */ = {isa = PBXFileReference; lastKnownFileType = wrapper.framework; name = Security.framework; path = System/Library/Frameworks/Security.framework; sourceTree = SDKROOT; };
		088CE6BB1C4C508000153414 /* KeychainTests.swift */ = {isa = PBXFileReference; fileEncoding = 4; lastKnownFileType = sourcecode.swift; path = KeychainTests.swift; sourceTree = "<group>"; };
		088CE6BD1C4DAFA500153414 /* WorkspacesViewController.swift */ = {isa = PBXFileReference; fileEncoding = 4; lastKnownFileType = sourcecode.swift; name = WorkspacesViewController.swift; path = workspaces/WorkspacesViewController.swift; sourceTree = "<group>"; };
		089FF3271C58E771002A3227 /* NSStoryboard+TypeSaftey.swift */ = {isa = PBXFileReference; fileEncoding = 4; lastKnownFileType = sourcecode.swift; path = "NSStoryboard+TypeSaftey.swift"; sourceTree = "<group>"; };
		08B036211C73B131005928B3 /* FileImporter.swift */ = {isa = PBXFileReference; fileEncoding = 4; lastKnownFileType = sourcecode.swift; path = FileImporter.swift; sourceTree = "<group>"; };
		08CB553D1C5A0FB8002CB7EE /* MonoFontManager.swift */ = {isa = PBXFileReference; fileEncoding = 4; lastKnownFileType = sourcecode.swift; path = MonoFontManager.swift; sourceTree = "<group>"; };
		08CB553F1C5A6E71002CB7EE /* MonoFontManagerTests.swift */ = {isa = PBXFileReference; fileEncoding = 4; lastKnownFileType = sourcecode.swift; path = MonoFontManagerTests.swift; sourceTree = "<group>"; };
		08CB55411C5A8756002CB7EE /* CryptoSwift.framework */ = {isa = PBXFileReference; lastKnownFileType = wrapper.framework; path = CryptoSwift.framework; sourceTree = BUILT_PRODUCTS_DIR; };
		08CB554F1C5AC727002CB7EE /* SessionEditor.swift */ = {isa = PBXFileReference; fileEncoding = 4; lastKnownFileType = sourcecode.swift; path = SessionEditor.swift; sourceTree = "<group>"; };
		08CB55511C5C06B2002CB7EE /* OutputController.swift */ = {isa = PBXFileReference; fileEncoding = 4; lastKnownFileType = sourcecode.swift; path = OutputController.swift; sourceTree = "<group>"; };
		08CB55531C5C096E002CB7EE /* ImageOutputController.swift */ = {isa = PBXFileReference; fileEncoding = 4; lastKnownFileType = sourcecode.swift; path = ImageOutputController.swift; sourceTree = "<group>"; };
		08ED575C1C723CC3002B2558 /* TargetActionBlock.swift */ = {isa = PBXFileReference; fileEncoding = 4; lastKnownFileType = sourcecode.swift; path = TargetActionBlock.swift; sourceTree = "<group>"; };
		08ED575E1C724383002B2558 /* MacFileImportSetup.swift */ = {isa = PBXFileReference; fileEncoding = 4; lastKnownFileType = sourcecode.swift; path = MacFileImportSetup.swift; sourceTree = "<group>"; };
		08F448F51C4E244500C64706 /* SessionEditorController.swift */ = {isa = PBXFileReference; fileEncoding = 4; lastKnownFileType = sourcecode.swift; path = SessionEditorController.swift; sourceTree = "<group>"; };
		08F448F61C4E244500C64706 /* MacSessionMultiController.swift */ = {isa = PBXFileReference; fileEncoding = 4; lastKnownFileType = sourcecode.swift; path = MacSessionMultiController.swift; sourceTree = "<group>"; };
		08F448F71C4E244500C64706 /* SessionConsoleController.swift */ = {isa = PBXFileReference; fileEncoding = 4; lastKnownFileType = sourcecode.swift; path = SessionConsoleController.swift; sourceTree = "<group>"; };
		08F448F81C4E244500C64706 /* MainWindow.storyboard */ = {isa = PBXFileReference; fileEncoding = 4; lastKnownFileType = file.storyboard; name = MainWindow.storyboard; path = session/MainWindow.storyboard; sourceTree = "<group>"; };
		08F448FF1C4EBEF100C64706 /* MacSplitter.swift */ = {isa = PBXFileReference; fileEncoding = 4; lastKnownFileType = sourcecode.swift; path = MacSplitter.swift; sourceTree = "<group>"; };
		08FDB1981C591409006FCD1A /* ImageCacheTests.swift */ = {isa = PBXFileReference; fileEncoding = 4; lastKnownFileType = sourcecode.swift; path = ImageCacheTests.swift; sourceTree = "<group>"; };
		08FDB19A1C5917C3006FCD1A /* graph.png */ = {isa = PBXFileReference; lastKnownFileType = image.png; path = graph.png; sourceTree = "<group>"; };
		08FDB19C1C5919BC006FCD1A /* BrightFutures.framework */ = {isa = PBXFileReference; lastKnownFileType = wrapper.framework; name = BrightFutures.framework; path = submodules/BrightFutures/build/Debug/BrightFutures.framework; sourceTree = "<group>"; };
/* End PBXFileReference section */

/* Begin PBXFrameworksBuildPhase section */
		088CE6661C4B0AF400153414 /* Frameworks */ = {
			isa = PBXFrameworksBuildPhase;
			buildActionMask = 2147483647;
			files = (
				08CB55421C5A8756002CB7EE /* CryptoSwift.framework in Frameworks */,
				0831741C1C588B1E00071408 /* Result.framework in Frameworks */,
				083174181C5888F200071408 /* BrightFutures.framework in Frameworks */,
				086BC9B31C556A2E006ABAE0 /* Swinject.framework in Frameworks */,
				088CE6BA1C4C44BE00153414 /* Security.framework in Frameworks */,
				0831740B1C56DCAA00071408 /* SwiftWebSocket.framework in Frameworks */,
				086BC99F1C5422C0006ABAE0 /* XCGLogger.framework in Frameworks */,
			);
			runOnlyForDeploymentPostprocessing = 0;
		};
		088CE6771C4B0AF500153414 /* Frameworks */ = {
			isa = PBXFrameworksBuildPhase;
			buildActionMask = 2147483647;
			files = (
				08FDB19E1C5919D8006FCD1A /* Result.framework in Frameworks */,
				08FDB19D1C5919BC006FCD1A /* BrightFutures.framework in Frameworks */,
				086BC9A41C5423D0006ABAE0 /* Mockingjay.framework in Frameworks */,
			);
			runOnlyForDeploymentPostprocessing = 0;
		};
/* End PBXFrameworksBuildPhase section */

/* Begin PBXGroup section */
		083305D11C4FC76C00E27F66 /* extensions */ = {
			isa = PBXGroup;
			children = (
				089FF3271C58E771002A3227 /* NSStoryboard+TypeSaftey.swift */,
			);
			path = extensions;
			sourceTree = "<group>";
		};
		0833061F1C541BBC00E27F66 /* 3rdParty */ = {
			isa = PBXGroup;
			children = (
				087AE5A81C75F12600076F7A /* PMKVObserver */,
				0833061D1C541BB700E27F66 /* SwiftyJSON.swift */,
			);
			name = 3rdParty;
			path = shared;
			sourceTree = "<group>";
		};
		083382F41C68E43400D40EEB /* test resources */ = {
			isa = PBXGroup;
			children = (
				088CE6801C4B0AF500153414 /* Info.plist */,
				083305F31C519B8500E27F66 /* createWorkspace.json */,
				08FDB19A1C5917C3006FCD1A /* graph.png */,
				083305EE1C519B4B00E27F66 /* resultsWithImages.json */,
				083305F41C519B8500E27F66 /* loginResults.json */,
				083305F51C519B8500E27F66 /* lognormal.R */,
			);
			name = "test resources";
			sourceTree = "<group>";
		};
		087AE5A81C75F12600076F7A /* PMKVObserver */ = {
			isa = PBXGroup;
			children = (
				087AE5AA1C75F12600076F7A /* KVObserver.h */,
				087AE5AB1C75F12600076F7A /* KVObserver.m */,
				087AE5AC1C75F12600076F7A /* KVObserver.swift */,
			);
			name = PMKVObserver;
			path = submodules/PMKVObserver/PMKVObserver;
			sourceTree = SOURCE_ROOT;
		};
		088CE6601C4B0AF400153414 = {
			isa = PBXGroup;
			children = (
				088CE66B1C4B0AF400153414 /* MacClient */,
				088CE6941C4B605D00153414 /* shared */,
				0833061F1C541BBC00E27F66 /* 3rdParty */,
				088CE6931C4B144800153414 /* Frameworks */,
				088CE67D1C4B0AF500153414 /* MacClientTests */,
				088CE66A1C4B0AF400153414 /* Products */,
			);
			sourceTree = "<group>";
		};
		088CE66A1C4B0AF400153414 /* Products */ = {
			isa = PBXGroup;
			children = (
				088CE6691C4B0AF400153414 /* Rc².app */,
				088CE67A1C4B0AF500153414 /* MacClientTests.xctest */,
			);
			name = Products;
			sourceTree = "<group>";
		};
		088CE66B1C4B0AF400153414 /* MacClient */ = {
			isa = PBXGroup;
			children = (
				088CE66C1C4B0AF400153414 /* MacAppDelegate.swift */,
				088CE66E1C4B0AF400153414 /* LoginViewController.swift */,
				088CE6701C4B0AF400153414 /* Assets.xcassets */,
				083305D81C501B7300E27F66 /* MainWindowController.swift */,
				088CE6BD1C4DAFA500153414 /* WorkspacesViewController.swift */,
				088CE6721C4B0AF400153414 /* Main.storyboard */,
				08F448F81C4E244500C64706 /* MainWindow.storyboard */,
				083382F01C64341C00D40EEB /* AppStatusView.swift */,
				08F448F31C4E244500C64706 /* session */,
				083305D11C4FC76C00E27F66 /* extensions */,
				088CE6751C4B0AF400153414 /* Info.plist */,
				083305D61C4FE79700E27F66 /* ToolbarItemHandler.swift */,
				08ED575C1C723CC3002B2558 /* TargetActionBlock.swift */,
				083305DE1C51571500E27F66 /* Localizable.strings */,
				083306061C51A0B200E27F66 /* CommonDefaults.plist */,
				087AE5B11C75F20500076F7A /* MacClient-Bridging-Header.h */,
			);
			path = MacClient;
			sourceTree = "<group>";
		};
		088CE67D1C4B0AF500153414 /* MacClientTests */ = {
			isa = PBXGroup;
			children = (
				083382F41C68E43400D40EEB /* test resources */,
				083382F91C68F2A900D40EEB /* BaseTest.swift */,
				083305ED1C519B4B00E27F66 /* ColorEnumTests.swift */,
				0845CB1D1C616E060090267C /* CommonMocks.swift */,
				0845CB1F1C6173CC0090267C /* DownloadRestFileTests.swift */,
				083382F71C68EBC200D40EEB /* FileCacheTests.swift */,
				081468361C755A1E006DF8FC /* FileImporterTests.swift */,
				08FDB1981C591409006FCD1A /* ImageCacheTests.swift */,
				088CE6BB1C4C508000153414 /* KeychainTests.swift */,
				08CB553F1C5A6E71002CB7EE /* MonoFontManagerTests.swift */,
				08159D1D1C77656C004A205A /* NSProgressTests.m */,
				083305F61C519B8500E27F66 /* Rc2FileTypeTest.swift */,
				083305F71C519B8500E27F66 /* Rc2SessionTests.swift */,
				083305F81C519B8500E27F66 /* RestServerTest.swift */,
				083305EF1C519B4B00E27F66 /* ServerResponseTests.swift */,
				0825475A1C7A37C400CBB0B9 /* WorkspaceKVOTests.swift */,
				083382FB1C69189300D40EEB /* xattrTests.swift */,
			);
			path = MacClientTests;
			sourceTree = "<group>";
		};
		088CE6931C4B144800153414 /* Frameworks */ = {
			isa = PBXGroup;
			children = (
				08CB55411C5A8756002CB7EE /* CryptoSwift.framework */,
				08FDB19C1C5919BC006FCD1A /* BrightFutures.framework */,
				0831741B1C588B1E00071408 /* Result.framework */,
				083174171C5888F200071408 /* BrightFutures.framework */,
				086BC9B21C556A2E006ABAE0 /* Swinject.framework */,
				086BC9A91C54B9C7006ABAE0 /* SwiftWebSocket.framework */,
				086BC9A31C5423D0006ABAE0 /* Mockingjay.framework */,
				086BC99E1C5422C0006ABAE0 /* XCGLogger.framework */,
				088CE6B91C4C44BD00153414 /* Security.framework */,
			);
			name = Frameworks;
			sourceTree = "<group>";
		};
		088CE6941C4B605D00153414 /* shared */ = {
			isa = PBXGroup;
			children = (
				088CE6B51C4B71F300153414 /* Constants.swift */,
				088CE6961C4B605D00153414 /* model */,
				088CE69D1C4B605D00153414 /* networking */,
				086BC9AE1C552D43006ABAE0 /* AppStatus.swift */,
				088CE6951C4B605D00153414 /* ColorEnums.swift */,
				083382F51C68E59300D40EEB /* FileCache.swift */,
				08B036211C73B131005928B3 /* FileImporter.swift */,
				080214871C693A69008B55D3 /* FileManager.swift */,
				0816F8991C6D0F7D00A6120B /* HTMLString.swift */,
				083174151C587F7F00071408 /* ImageCache.swift */,
				088CE6B71C4C44A800153414 /* Keychain.swift */,
				08CB553D1C5A0FB8002CB7EE /* MonoFontManager.swift */,
				083550CB1C760F050013E2B5 /* NSProgress+Rc2.h */,
				083550CC1C760F050013E2B5 /* NSProgress+Rc2.m */,
				0868FC581C7789C3002386CB /* NSURL+Rc2.swift */,
				083305DC1C511F4700E27F66 /* RecursiveFlatMap.swift */,
				086BC9AC1C552AA0006ABAE0 /* SpinLock.swift */,
				088CE6A31C4B605D00153414 /* SystemExtensions.swift */,
				083382F21C653B6300D40EEB /* xattr.swift */,
			);
			path = shared;
			sourceTree = "<group>";
		};
		088CE6961C4B605D00153414 /* model */ = {
			isa = PBXGroup;
			children = (
				088CE6971C4B605D00153414 /* File.swift */,
				088CE6981C4B605D00153414 /* FileType.swift */,
				088CE6991C4B605D00153414 /* FileTypes.plist */,
				088CE69A1C4B605D00153414 /* LoginSession.swift */,
				088CE69B1C4B605D00153414 /* User.swift */,
				088CE69C1C4B605D00153414 /* Workspace.swift */,
			);
			path = model;
			sourceTree = "<group>";
		};
		088CE69D1C4B605D00153414 /* networking */ = {
			isa = PBXGroup;
			children = (
				0816F89D1C6D320D00A6120B /* DefaultSessionFileHandler.swift */,
				088CE69E1C4B605D00153414 /* RestHosts.json */,
				088CE69F1C4B605D00153414 /* RestServer.swift */,
				088CE6A01C4B605D00153414 /* ServerResponse.swift */,
				083174111C58014500071408 /* ServerResponseHandler.swift */,
				088CE6A11C4B605D00153414 /* Session.swift */,
				0816F89B1C6D2BA000A6120B /* SessionDelegates.swift */,
				088CE6A21C4B605D00153414 /* WebSocketSource.swift */,
			);
			path = networking;
			sourceTree = "<group>";
		};
		08ED57011C7140C0002B2558 /* Products */ = {
			isa = PBXGroup;
			children = (
			);
			name = Products;
			sourceTree = "<group>";
		};
		08ED57071C7140C0002B2558 /* Products */ = {
			isa = PBXGroup;
			children = (
			);
			name = Products;
			sourceTree = "<group>";
		};
		08ED575A1C7140C0002B2558 /* Products */ = {
			isa = PBXGroup;
			children = (
			);
			name = Products;
			sourceTree = "<group>";
		};
		08F448F31C4E244500C64706 /* session */ = {
			isa = PBXGroup;
			children = (
				083305E71C51812300E27F66 /* AbstractSessionViewController.swift */,
				083174031C5571D300071408 /* RootViewController.swift */,
				0816F89F1C6D3A4500A6120B /* MacSessionHandlers.swift */,
				08F448F51C4E244500C64706 /* SessionEditorController.swift */,
				08F448F61C4E244500C64706 /* MacSessionMultiController.swift */,
				083305E11C517F8900E27F66 /* FileViewController.swift */,
				083305E31C517FC000E27F66 /* VariableViewController.swift */,
				083305E51C517FE300E27F66 /* UsersViewController.swift */,
				083174051C56BE7B00071408 /* SessionSplitController.swift */,
				08CB554F1C5AC727002CB7EE /* SessionEditor.swift */,
				08F448FF1C4EBEF100C64706 /* MacSplitter.swift */,
				08CB55511C5C06B2002CB7EE /* OutputController.swift */,
				0831740D1C577A2500071408 /* ConsoleTextField.swift */,
				083174131C5828B400071408 /* ResultsView.swift */,
				0831740F1C57B2E200071408 /* CommandHistory.swift */,
				08F448F71C4E244500C64706 /* SessionConsoleController.swift */,
				08CB55531C5C096E002CB7EE /* ImageOutputController.swift */,
				08ED575E1C724383002B2558 /* MacFileImportSetup.swift */,
			);
			path = session;
			sourceTree = "<group>";
		};
/* End PBXGroup section */

/* Begin PBXNativeTarget section */
		088CE6681C4B0AF400153414 /* MacClient */ = {
			isa = PBXNativeTarget;
			buildConfigurationList = 088CE6831C4B0AF500153414 /* Build configuration list for PBXNativeTarget "MacClient" */;
			buildPhases = (
				088CE6651C4B0AF400153414 /* Sources */,
				088CE6661C4B0AF400153414 /* Frameworks */,
				088CE6671C4B0AF400153414 /* Resources */,
				088CE6921C4B136800153414 /* Embed Frameworks */,
			);
			buildRules = (
			);
			dependencies = (
			);
			name = MacClient;
			productName = MacClient;
			productReference = 088CE6691C4B0AF400153414 /* Rc².app */;
			productType = "com.apple.product-type.application";
		};
		088CE6791C4B0AF500153414 /* MacClientTests */ = {
			isa = PBXNativeTarget;
			buildConfigurationList = 088CE6861C4B0AF500153414 /* Build configuration list for PBXNativeTarget "MacClientTests" */;
			buildPhases = (
				088CE6761C4B0AF500153414 /* Sources */,
				088CE6771C4B0AF500153414 /* Frameworks */,
				088CE6781C4B0AF500153414 /* Resources */,
				085846CC1C7A883600F92EFE /* codesign unit tests for keychain */,
			);
			buildRules = (
			);
			dependencies = (
				088CE67C1C4B0AF500153414 /* PBXTargetDependency */,
			);
			name = MacClientTests;
			productName = MacClientTests;
			productReference = 088CE67A1C4B0AF500153414 /* MacClientTests.xctest */;
			productType = "com.apple.product-type.bundle.unit-test";
		};
/* End PBXNativeTarget section */

/* Begin PBXProject section */
		088CE6611C4B0AF400153414 /* Project object */ = {
			isa = PBXProject;
			attributes = {
				LastSwiftUpdateCheck = 0720;
				LastUpgradeCheck = 0720;
				ORGANIZATIONNAME = Rc2;
				TargetAttributes = {
					088CE6681C4B0AF400153414 = {
						CreatedOnToolsVersion = 7.2;
						DevelopmentTeam = LRMKU6353E;
					};
					088CE6791C4B0AF500153414 = {
						CreatedOnToolsVersion = 7.2;
						TestTargetID = 088CE6681C4B0AF400153414;
					};
				};
			};
			buildConfigurationList = 088CE6641C4B0AF400153414 /* Build configuration list for PBXProject "SwiftClient" */;
			compatibilityVersion = "Xcode 3.2";
			developmentRegion = English;
			hasScannedForEncodings = 0;
			knownRegions = (
				en,
				Base,
			);
			mainGroup = 088CE6601C4B0AF400153414;
			productRefGroup = 088CE66A1C4B0AF400153414 /* Products */;
			projectDirPath = "";
			projectReferences = (
				{
					ProductGroup = 08ED57011C7140C0002B2558 /* Products */;
					ProjectRef = 08FDB19C1C5919BC006FCD1A /* BrightFutures.framework */;
				},
				{
					ProductGroup = 08ED575A1C7140C0002B2558 /* Products */;
					ProjectRef = 088CE67A1C4B0AF500153414 /* MacClientTests.xctest */;
				},
				{
					ProductGroup = 08ED57071C7140C0002B2558 /* Products */;
					ProjectRef = 086BC9A31C5423D0006ABAE0 /* Mockingjay.framework */;
				},
			);
			projectRoot = "";
			targets = (
				088CE6681C4B0AF400153414 /* MacClient */,
				088CE6791C4B0AF500153414 /* MacClientTests */,
			);
		};
/* End PBXProject section */

/* Begin PBXResourcesBuildPhase section */
		088CE6671C4B0AF400153414 /* Resources */ = {
			isa = PBXResourcesBuildPhase;
			buildActionMask = 2147483647;
			files = (
				088CE6711C4B0AF400153414 /* Assets.xcassets in Resources */,
				083305E01C51571500E27F66 /* Localizable.strings in Resources */,
				08F448FD1C4E244500C64706 /* MainWindow.storyboard in Resources */,
				083306071C51A0B200E27F66 /* CommonDefaults.plist in Resources */,
				088CE6AB1C4B605D00153414 /* RestHosts.json in Resources */,
				088CE6741C4B0AF400153414 /* Main.storyboard in Resources */,
				088CE6A71C4B605D00153414 /* FileTypes.plist in Resources */,
			);
			runOnlyForDeploymentPostprocessing = 0;
		};
		088CE6781C4B0AF500153414 /* Resources */ = {
			isa = PBXResourcesBuildPhase;
			buildActionMask = 2147483647;
			files = (
				080214891C6A923D008B55D3 /* lognormal.R in Resources */,
				083305F11C519B4B00E27F66 /* resultsWithImages.json in Resources */,
				083305FA1C519B8500E27F66 /* loginResults.json in Resources */,
				08FDB19B1C5917C3006FCD1A /* graph.png in Resources */,
				083305F91C519B8500E27F66 /* createWorkspace.json in Resources */,
			);
			runOnlyForDeploymentPostprocessing = 0;
		};
/* End PBXResourcesBuildPhase section */

/* Begin PBXShellScriptBuildPhase section */
		085846CC1C7A883600F92EFE /* codesign unit tests for keychain */ = {
			isa = PBXShellScriptBuildPhase;
			buildActionMask = 2147483647;
			files = (
			);
			inputPaths = (
			);
			name = "codesign unit tests for keychain";
			outputPaths = (
			);
			runOnlyForDeploymentPostprocessing = 0;
			shellPath = /bin/sh;
			shellScript = "codesign --verify --force --sign \"$CODE_SIGN_IDENTITY\" \"$CODESIGNING_FOLDER_PATH\"\n";
		};
/* End PBXShellScriptBuildPhase section */

/* Begin PBXSourcesBuildPhase section */
		088CE6651C4B0AF400153414 /* Sources */ = {
			isa = PBXSourcesBuildPhase;
			buildActionMask = 2147483647;
			files = (
				08ED575F1C724383002B2558 /* MacFileImportSetup.swift in Sources */,
				088CE6AF1C4B605D00153414 /* WebSocketSource.swift in Sources */,
				088CE6B01C4B605D00153414 /* SystemExtensions.swift in Sources */,
				08ED575D1C723CC3002B2558 /* TargetActionBlock.swift in Sources */,
				0868FC591C7789C3002386CB /* NSURL+Rc2.swift in Sources */,
				088CE6A41C4B605D00153414 /* ColorEnums.swift in Sources */,
				083382F31C653B6300D40EEB /* xattr.swift in Sources */,
				083305E41C517FC000E27F66 /* VariableViewController.swift in Sources */,
				088CE6AA1C4B605D00153414 /* Workspace.swift in Sources */,
				086BC9AD1C552AA0006ABAE0 /* SpinLock.swift in Sources */,
				088CE6A51C4B605D00153414 /* File.swift in Sources */,
				08F448FB1C4E244500C64706 /* MacSessionMultiController.swift in Sources */,
				088CE6A61C4B605D00153414 /* FileType.swift in Sources */,
				083174041C5571D300071408 /* RootViewController.swift in Sources */,
				088CE66F1C4B0AF400153414 /* LoginViewController.swift in Sources */,
				088CE6A81C4B605D00153414 /* LoginSession.swift in Sources */,
				0816F8A01C6D3A4500A6120B /* MacSessionHandlers.swift in Sources */,
				0816F89E1C6D320D00A6120B /* DefaultSessionFileHandler.swift in Sources */,
				0831740E1C577A2500071408 /* ConsoleTextField.swift in Sources */,
				08CB55541C5C096E002CB7EE /* ImageOutputController.swift in Sources */,
				083550CD1C760F050013E2B5 /* NSProgress+Rc2.m in Sources */,
				0833061E1C541BB700E27F66 /* SwiftyJSON.swift in Sources */,
				087AE5B01C75F12600076F7A /* KVObserver.swift in Sources */,
				08CB553E1C5A0FB8002CB7EE /* MonoFontManager.swift in Sources */,
				0816F89C1C6D2BA000A6120B /* SessionDelegates.swift in Sources */,
				08F448FA1C4E244500C64706 /* SessionEditorController.swift in Sources */,
				08B036221C73B131005928B3 /* FileImporter.swift in Sources */,
				083382F61C68E59300D40EEB /* FileCache.swift in Sources */,
				08F448FC1C4E244500C64706 /* SessionConsoleController.swift in Sources */,
				083305E81C51812300E27F66 /* AbstractSessionViewController.swift in Sources */,
				08CB55521C5C06B2002CB7EE /* OutputController.swift in Sources */,
				088CE66D1C4B0AF400153414 /* MacAppDelegate.swift in Sources */,
				0816F89A1C6D0F7D00A6120B /* HTMLString.swift in Sources */,
				083305D71C4FE79700E27F66 /* ToolbarItemHandler.swift in Sources */,
				083305D91C501B7300E27F66 /* MainWindowController.swift in Sources */,
				083305E61C517FE300E27F66 /* UsersViewController.swift in Sources */,
				08CB55501C5AC727002CB7EE /* SessionEditor.swift in Sources */,
				083174061C56BE7B00071408 /* SessionSplitController.swift in Sources */,
				083305E21C517F8900E27F66 /* FileViewController.swift in Sources */,
				088CE6AE1C4B605D00153414 /* Session.swift in Sources */,
				080214881C693A69008B55D3 /* FileManager.swift in Sources */,
				08F449001C4EBEF100C64706 /* MacSplitter.swift in Sources */,
				088CE6BE1C4DAFA500153414 /* WorkspacesViewController.swift in Sources */,
				083174161C587F7F00071408 /* ImageCache.swift in Sources */,
				083174141C5828B400071408 /* ResultsView.swift in Sources */,
				087AE5AF1C75F12600076F7A /* KVObserver.m in Sources */,
				088CE6AC1C4B605D00153414 /* RestServer.swift in Sources */,
				088CE6B61C4B71F300153414 /* Constants.swift in Sources */,
				083305DD1C511F4700E27F66 /* RecursiveFlatMap.swift in Sources */,
				088CE6A91C4B605D00153414 /* User.swift in Sources */,
				083174101C57B2E200071408 /* CommandHistory.swift in Sources */,
				089FF3281C58E771002A3227 /* NSStoryboard+TypeSaftey.swift in Sources */,
				088CE6AD1C4B605D00153414 /* ServerResponse.swift in Sources */,
				083174121C58014500071408 /* ServerResponseHandler.swift in Sources */,
				088CE6B81C4C44A800153414 /* Keychain.swift in Sources */,
				083382F11C64341C00D40EEB /* AppStatusView.swift in Sources */,
				086BC9AF1C552D43006ABAE0 /* AppStatus.swift in Sources */,
			);
			runOnlyForDeploymentPostprocessing = 0;
		};
		088CE6761C4B0AF500153414 /* Sources */ = {
			isa = PBXSourcesBuildPhase;
			buildActionMask = 2147483647;
			files = (
				083305F21C519B4B00E27F66 /* ServerResponseTests.swift in Sources */,
				083305FB1C519B8500E27F66 /* Rc2FileTypeTest.swift in Sources */,
				08FDB1991C591409006FCD1A /* ImageCacheTests.swift in Sources */,
				08159D1E1C77656C004A205A /* NSProgressTests.m in Sources */,
				083382F81C68EBC200D40EEB /* FileCacheTests.swift in Sources */,
				083305FD1C519B8500E27F66 /* RestServerTest.swift in Sources */,
				080214861C692CA1008B55D3 /* xattrTests.swift in Sources */,
				088CE6BC1C4C508000153414 /* KeychainTests.swift in Sources */,
				081468371C755A1E006DF8FC /* FileImporterTests.swift in Sources */,
				08CB55401C5A6E71002CB7EE /* MonoFontManagerTests.swift in Sources */,
				0825475B1C7A37C400CBB0B9 /* WorkspaceKVOTests.swift in Sources */,
				0845CB1E1C616E060090267C /* CommonMocks.swift in Sources */,
				083382FA1C68F2A900D40EEB /* BaseTest.swift in Sources */,
				083305F01C519B4B00E27F66 /* ColorEnumTests.swift in Sources */,
			);
			runOnlyForDeploymentPostprocessing = 0;
		};
/* End PBXSourcesBuildPhase section */

/* Begin PBXTargetDependency section */
		088CE67C1C4B0AF500153414 /* PBXTargetDependency */ = {
			isa = PBXTargetDependency;
			target = 088CE6681C4B0AF400153414 /* MacClient */;
			targetProxy = 088CE67B1C4B0AF500153414 /* PBXContainerItemProxy */;
		};
/* End PBXTargetDependency section */

/* Begin PBXVariantGroup section */
		083305DE1C51571500E27F66 /* Localizable.strings */ = {
			isa = PBXVariantGroup;
			children = (
				083305DF1C51571500E27F66 /* Base */,
			);
			name = Localizable.strings;
			sourceTree = "<group>";
		};
		088CE6721C4B0AF400153414 /* Main.storyboard */ = {
			isa = PBXVariantGroup;
			children = (
				088CE6731C4B0AF400153414 /* Base */,
			);
			name = Main.storyboard;
			sourceTree = "<group>";
		};
/* End PBXVariantGroup section */

/* Begin XCBuildConfiguration section */
		088CE6811C4B0AF500153414 /* Debug */ = {
			isa = XCBuildConfiguration;
			buildSettings = {
				ALWAYS_SEARCH_USER_PATHS = NO;
				CLANG_CXX_LANGUAGE_STANDARD = "gnu++0x";
				CLANG_CXX_LIBRARY = "libc++";
				CLANG_ENABLE_MODULES = YES;
				CLANG_ENABLE_OBJC_ARC = YES;
				CLANG_WARN_BOOL_CONVERSION = YES;
				CLANG_WARN_CONSTANT_CONVERSION = YES;
				CLANG_WARN_DIRECT_OBJC_ISA_USAGE = YES_ERROR;
				CLANG_WARN_EMPTY_BODY = YES;
				CLANG_WARN_ENUM_CONVERSION = YES;
				CLANG_WARN_INT_CONVERSION = YES;
				CLANG_WARN_OBJC_ROOT_CLASS = YES_ERROR;
				CLANG_WARN_UNREACHABLE_CODE = YES;
				CLANG_WARN__DUPLICATE_METHOD_MATCH = YES;
				CODE_SIGN_IDENTITY = "-";
				COPY_PHASE_STRIP = NO;
				DEBUG_INFORMATION_FORMAT = dwarf;
				ENABLE_STRICT_OBJC_MSGSEND = YES;
				ENABLE_TESTABILITY = YES;
				GCC_C_LANGUAGE_STANDARD = gnu99;
				GCC_DYNAMIC_NO_PIC = NO;
				GCC_NO_COMMON_BLOCKS = YES;
				GCC_OPTIMIZATION_LEVEL = 0;
				GCC_PREPROCESSOR_DEFINITIONS = (
					"DEBUG=1",
					"$(inherited)",
				);
				GCC_WARN_64_TO_32_BIT_CONVERSION = YES;
				GCC_WARN_ABOUT_RETURN_TYPE = YES_ERROR;
				GCC_WARN_UNDECLARED_SELECTOR = YES;
				GCC_WARN_UNINITIALIZED_AUTOS = YES_AGGRESSIVE;
				GCC_WARN_UNUSED_FUNCTION = YES;
				GCC_WARN_UNUSED_VARIABLE = YES;
				MACOSX_DEPLOYMENT_TARGET = 10.11;
				MTL_ENABLE_DEBUG_INFO = YES;
				ONLY_ACTIVE_ARCH = YES;
				SDKROOT = macosx;
				SWIFT_OPTIMIZATION_LEVEL = "-Onone";
			};
			name = Debug;
		};
		088CE6821C4B0AF500153414 /* Release */ = {
			isa = XCBuildConfiguration;
			buildSettings = {
				ALWAYS_SEARCH_USER_PATHS = NO;
				CLANG_CXX_LANGUAGE_STANDARD = "gnu++0x";
				CLANG_CXX_LIBRARY = "libc++";
				CLANG_ENABLE_MODULES = YES;
				CLANG_ENABLE_OBJC_ARC = YES;
				CLANG_WARN_BOOL_CONVERSION = YES;
				CLANG_WARN_CONSTANT_CONVERSION = YES;
				CLANG_WARN_DIRECT_OBJC_ISA_USAGE = YES_ERROR;
				CLANG_WARN_EMPTY_BODY = YES;
				CLANG_WARN_ENUM_CONVERSION = YES;
				CLANG_WARN_INT_CONVERSION = YES;
				CLANG_WARN_OBJC_ROOT_CLASS = YES_ERROR;
				CLANG_WARN_UNREACHABLE_CODE = YES;
				CLANG_WARN__DUPLICATE_METHOD_MATCH = YES;
				CODE_SIGN_IDENTITY = "-";
				COPY_PHASE_STRIP = NO;
				DEBUG_INFORMATION_FORMAT = "dwarf-with-dsym";
				ENABLE_NS_ASSERTIONS = NO;
				ENABLE_STRICT_OBJC_MSGSEND = YES;
				GCC_C_LANGUAGE_STANDARD = gnu99;
				GCC_NO_COMMON_BLOCKS = YES;
				GCC_WARN_64_TO_32_BIT_CONVERSION = YES;
				GCC_WARN_ABOUT_RETURN_TYPE = YES_ERROR;
				GCC_WARN_UNDECLARED_SELECTOR = YES;
				GCC_WARN_UNINITIALIZED_AUTOS = YES_AGGRESSIVE;
				GCC_WARN_UNUSED_FUNCTION = YES;
				GCC_WARN_UNUSED_VARIABLE = YES;
				MACOSX_DEPLOYMENT_TARGET = 10.11;
				MTL_ENABLE_DEBUG_INFO = NO;
				SDKROOT = macosx;
			};
			name = Release;
		};
		088CE6841C4B0AF500153414 /* Debug */ = {
			isa = XCBuildConfiguration;
			buildSettings = {
				ASSETCATALOG_COMPILER_APPICON_NAME = AppIcon;
				CODE_SIGN_IDENTITY = "Mac Developer";
				"CODE_SIGN_IDENTITY[sdk=macosx*]" = "Mac Developer";
				COMBINE_HIDPI_IMAGES = YES;
				FRAMEWORK_SEARCH_PATHS = "$(inherited)";
				INFOPLIST_FILE = MacClient/Info.plist;
				LD_RUNPATH_SEARCH_PATHS = "$(inherited) @executable_path/../Frameworks";
				PRODUCT_BUNDLE_IDENTIFIER = io.rc2.MacClient;
				PRODUCT_MODULE_NAME = MacClient;
				PRODUCT_NAME = "Rc²";
				PROVISIONING_PROFILE = "";
				SWIFT_OBJC_BRIDGING_HEADER = "MacClient/MacClient-Bridging-Header.h";
			};
			name = Debug;
		};
		088CE6851C4B0AF500153414 /* Release */ = {
			isa = XCBuildConfiguration;
			buildSettings = {
				ASSETCATALOG_COMPILER_APPICON_NAME = AppIcon;
				CODE_SIGN_IDENTITY = "Mac Developer";
				"CODE_SIGN_IDENTITY[sdk=macosx*]" = "Mac Developer";
				COMBINE_HIDPI_IMAGES = YES;
				FRAMEWORK_SEARCH_PATHS = "$(inherited)";
				INFOPLIST_FILE = MacClient/Info.plist;
				LD_RUNPATH_SEARCH_PATHS = "$(inherited) @executable_path/../Frameworks";
				PRODUCT_BUNDLE_IDENTIFIER = io.rc2.MacClient;
				PRODUCT_MODULE_NAME = MacClient;
				PRODUCT_NAME = "Rc²";
				PROVISIONING_PROFILE = "";
				SWIFT_OBJC_BRIDGING_HEADER = "MacClient/MacClient-Bridging-Header.h";
			};
			name = Release;
		};
		088CE6871C4B0AF500153414 /* Debug */ = {
			isa = XCBuildConfiguration;
			buildSettings = {
				BUNDLE_LOADER = "$(TEST_HOST)";
				CLANG_ENABLE_MODULES = YES;
				COMBINE_HIDPI_IMAGES = YES;
				FRAMEWORK_SEARCH_PATHS = "$(inherited)";
				INFOPLIST_FILE = MacClientTests/Info.plist;
				LD_RUNPATH_SEARCH_PATHS = "$(inherited) @executable_path/../Frameworks @loader_path/../Frameworks";
				PRODUCT_BUNDLE_IDENTIFIER = io.rc2.MacClientTests;
				PRODUCT_NAME = "$(TARGET_NAME)";
				SWIFT_OPTIMIZATION_LEVEL = "-Onone";
				TEST_HOST = "$(BUILT_PRODUCTS_DIR)/Rc².app/Contents/MacOS/Rc²";
			};
			name = Debug;
		};
		088CE6881C4B0AF500153414 /* Release */ = {
			isa = XCBuildConfiguration;
			buildSettings = {
				BUNDLE_LOADER = "$(TEST_HOST)";
				CLANG_ENABLE_MODULES = YES;
				COMBINE_HIDPI_IMAGES = YES;
				FRAMEWORK_SEARCH_PATHS = "$(inherited)";
				INFOPLIST_FILE = MacClientTests/Info.plist;
				LD_RUNPATH_SEARCH_PATHS = "$(inherited) @executable_path/../Frameworks @loader_path/../Frameworks";
				PRODUCT_BUNDLE_IDENTIFIER = io.rc2.MacClientTests;
				PRODUCT_NAME = "$(TARGET_NAME)";
				TEST_HOST = "$(BUILT_PRODUCTS_DIR)/Rc².app/Contents/MacOS/Rc²";
			};
			name = Release;
		};
/* End XCBuildConfiguration section */

/* Begin XCConfigurationList section */
		088CE6641C4B0AF400153414 /* Build configuration list for PBXProject "SwiftClient" */ = {
			isa = XCConfigurationList;
			buildConfigurations = (
				088CE6811C4B0AF500153414 /* Debug */,
				088CE6821C4B0AF500153414 /* Release */,
			);
			defaultConfigurationIsVisible = 0;
			defaultConfigurationName = Release;
		};
		088CE6831C4B0AF500153414 /* Build configuration list for PBXNativeTarget "MacClient" */ = {
			isa = XCConfigurationList;
			buildConfigurations = (
				088CE6841C4B0AF500153414 /* Debug */,
				088CE6851C4B0AF500153414 /* Release */,
			);
			defaultConfigurationIsVisible = 0;
			defaultConfigurationName = Release;
		};
		088CE6861C4B0AF500153414 /* Build configuration list for PBXNativeTarget "MacClientTests" */ = {
			isa = XCConfigurationList;
			buildConfigurations = (
				088CE6871C4B0AF500153414 /* Debug */,
				088CE6881C4B0AF500153414 /* Release */,
			);
			defaultConfigurationIsVisible = 0;
			defaultConfigurationName = Release;
		};
/* End XCConfigurationList section */
	};
	rootObject = 088CE6611C4B0AF400153414 /* Project object */;
}
