// !$*UTF8*$!
{
	archiveVersion = 1;
	classes = {
	};
	objectVersion = 46;
	objects = {

/* Begin PBXBuildFile section */
		083305D31C4FC78C00E27F66 /* NSToolbarItem+Validate.swift in Sources */ = {isa = PBXBuildFile; fileRef = 083305D21C4FC78C00E27F66 /* NSToolbarItem+Validate.swift */; };
		083305D51C4FE0E900E27F66 /* ToolbarValidationTests.swift in Sources */ = {isa = PBXBuildFile; fileRef = 083305D41C4FE0E900E27F66 /* ToolbarValidationTests.swift */; };
		083305D71C4FE79700E27F66 /* ToolbarItemHandler.swift in Sources */ = {isa = PBXBuildFile; fileRef = 083305D61C4FE79700E27F66 /* ToolbarItemHandler.swift */; };
		083305D91C501B7300E27F66 /* MainWindowController.swift in Sources */ = {isa = PBXBuildFile; fileRef = 083305D81C501B7300E27F66 /* MainWindowController.swift */; };
		083305DB1C50284600E27F66 /* MacSessionView.swift in Sources */ = {isa = PBXBuildFile; fileRef = 083305DA1C50284600E27F66 /* MacSessionView.swift */; };
		083305DD1C511F4700E27F66 /* RecursiveFlatMap.swift in Sources */ = {isa = PBXBuildFile; fileRef = 083305DC1C511F4700E27F66 /* RecursiveFlatMap.swift */; };
		083305E01C51571500E27F66 /* Localizable.strings in Resources */ = {isa = PBXBuildFile; fileRef = 083305DE1C51571500E27F66 /* Localizable.strings */; };
		083305E21C517F8900E27F66 /* FileViewContrfoller.swift in Sources */ = {isa = PBXBuildFile; fileRef = 083305E11C517F8900E27F66 /* FileViewContrfoller.swift */; };
		083305E41C517FC000E27F66 /* VariableViewController.swift in Sources */ = {isa = PBXBuildFile; fileRef = 083305E31C517FC000E27F66 /* VariableViewController.swift */; };
		083305E61C517FE300E27F66 /* UsersViewController.swift in Sources */ = {isa = PBXBuildFile; fileRef = 083305E51C517FE300E27F66 /* UsersViewController.swift */; };
		083305E81C51812300E27F66 /* AbstractSessionViewController.swift in Sources */ = {isa = PBXBuildFile; fileRef = 083305E71C51812300E27F66 /* AbstractSessionViewController.swift */; };
		083305EA1C5188F700E27F66 /* KeyValueObserver.swift in Sources */ = {isa = PBXBuildFile; fileRef = 083305E91C5188F700E27F66 /* KeyValueObserver.swift */; };
		083305EC1C518CF300E27F66 /* KeyValueObserverTests.swift in Sources */ = {isa = PBXBuildFile; fileRef = 083305EB1C518CF300E27F66 /* KeyValueObserverTests.swift */; };
		088CE66D1C4B0AF400153414 /* MacAppDelegate.swift in Sources */ = {isa = PBXBuildFile; fileRef = 088CE66C1C4B0AF400153414 /* MacAppDelegate.swift */; };
		088CE66F1C4B0AF400153414 /* LoginViewController.swift in Sources */ = {isa = PBXBuildFile; fileRef = 088CE66E1C4B0AF400153414 /* LoginViewController.swift */; };
		088CE6711C4B0AF400153414 /* Assets.xcassets in Resources */ = {isa = PBXBuildFile; fileRef = 088CE6701C4B0AF400153414 /* Assets.xcassets */; };
		088CE6741C4B0AF400153414 /* Main.storyboard in Resources */ = {isa = PBXBuildFile; fileRef = 088CE6721C4B0AF400153414 /* Main.storyboard */; };
		088CE67F1C4B0AF500153414 /* MacClientTests.swift in Sources */ = {isa = PBXBuildFile; fileRef = 088CE67E1C4B0AF500153414 /* MacClientTests.swift */; };
		088CE68C1C4B136800153414 /* Starscream.framework in Frameworks */ = {isa = PBXBuildFile; fileRef = 088CE6891C4B136700153414 /* Starscream.framework */; };
		088CE68D1C4B136800153414 /* Starscream.framework in Embed Frameworks */ = {isa = PBXBuildFile; fileRef = 088CE6891C4B136700153414 /* Starscream.framework */; settings = {ATTRIBUTES = (CodeSignOnCopy, RemoveHeadersOnCopy, ); }; };
		088CE68E1C4B136800153414 /* SwiftyJSON.framework in Frameworks */ = {isa = PBXBuildFile; fileRef = 088CE68A1C4B136800153414 /* SwiftyJSON.framework */; };
		088CE68F1C4B136800153414 /* SwiftyJSON.framework in Embed Frameworks */ = {isa = PBXBuildFile; fileRef = 088CE68A1C4B136800153414 /* SwiftyJSON.framework */; settings = {ATTRIBUTES = (CodeSignOnCopy, RemoveHeadersOnCopy, ); }; };
		088CE6901C4B136800153414 /* XCGLogger.framework in Frameworks */ = {isa = PBXBuildFile; fileRef = 088CE68B1C4B136800153414 /* XCGLogger.framework */; };
		088CE6911C4B136800153414 /* XCGLogger.framework in Embed Frameworks */ = {isa = PBXBuildFile; fileRef = 088CE68B1C4B136800153414 /* XCGLogger.framework */; settings = {ATTRIBUTES = (CodeSignOnCopy, RemoveHeadersOnCopy, ); }; };
		088CE6A41C4B605D00153414 /* ColorEnums.swift in Sources */ = {isa = PBXBuildFile; fileRef = 088CE6951C4B605D00153414 /* ColorEnums.swift */; };
		088CE6A51C4B605D00153414 /* File.swift in Sources */ = {isa = PBXBuildFile; fileRef = 088CE6971C4B605D00153414 /* File.swift */; };
		088CE6A61C4B605D00153414 /* FileType.swift in Sources */ = {isa = PBXBuildFile; fileRef = 088CE6981C4B605D00153414 /* FileType.swift */; };
		088CE6A71C4B605D00153414 /* FileTypes.plist in Resources */ = {isa = PBXBuildFile; fileRef = 088CE6991C4B605D00153414 /* FileTypes.plist */; };
		088CE6A81C4B605D00153414 /* LoginSession.swift in Sources */ = {isa = PBXBuildFile; fileRef = 088CE69A1C4B605D00153414 /* LoginSession.swift */; };
		088CE6A91C4B605D00153414 /* User.swift in Sources */ = {isa = PBXBuildFile; fileRef = 088CE69B1C4B605D00153414 /* User.swift */; };
		088CE6AA1C4B605D00153414 /* Workspace.swift in Sources */ = {isa = PBXBuildFile; fileRef = 088CE69C1C4B605D00153414 /* Workspace.swift */; };
		088CE6AB1C4B605D00153414 /* RestHosts.json in Resources */ = {isa = PBXBuildFile; fileRef = 088CE69E1C4B605D00153414 /* RestHosts.json */; };
		088CE6AC1C4B605D00153414 /* RestServer.swift in Sources */ = {isa = PBXBuildFile; fileRef = 088CE69F1C4B605D00153414 /* RestServer.swift */; };
		088CE6AD1C4B605D00153414 /* ServerResponse.swift in Sources */ = {isa = PBXBuildFile; fileRef = 088CE6A01C4B605D00153414 /* ServerResponse.swift */; };
		088CE6AE1C4B605D00153414 /* Session.swift in Sources */ = {isa = PBXBuildFile; fileRef = 088CE6A11C4B605D00153414 /* Session.swift */; };
		088CE6AF1C4B605D00153414 /* WebSocketSource.swift in Sources */ = {isa = PBXBuildFile; fileRef = 088CE6A21C4B605D00153414 /* WebSocketSource.swift */; };
		088CE6B01C4B605D00153414 /* SystemExtensions.swift in Sources */ = {isa = PBXBuildFile; fileRef = 088CE6A31C4B605D00153414 /* SystemExtensions.swift */; };
		088CE6B61C4B71F300153414 /* Constants.swift in Sources */ = {isa = PBXBuildFile; fileRef = 088CE6B51C4B71F300153414 /* Constants.swift */; };
		088CE6B81C4C44A800153414 /* Keychain.swift in Sources */ = {isa = PBXBuildFile; fileRef = 088CE6B71C4C44A800153414 /* Keychain.swift */; };
		088CE6BA1C4C44BE00153414 /* Security.framework in Frameworks */ = {isa = PBXBuildFile; fileRef = 088CE6B91C4C44BD00153414 /* Security.framework */; };
		088CE6BC1C4C508000153414 /* KeychainTests.swift in Sources */ = {isa = PBXBuildFile; fileRef = 088CE6BB1C4C508000153414 /* KeychainTests.swift */; };
		088CE6BE1C4DAFA500153414 /* WorkspacesViewController.swift in Sources */ = {isa = PBXBuildFile; fileRef = 088CE6BD1C4DAFA500153414 /* WorkspacesViewController.swift */; };
		08F448F91C4E244500C64706 /* MacSessionController.swift in Sources */ = {isa = PBXBuildFile; fileRef = 08F448F41C4E244500C64706 /* MacSessionController.swift */; };
		08F448FA1C4E244500C64706 /* MacSessionEditorController.swift in Sources */ = {isa = PBXBuildFile; fileRef = 08F448F51C4E244500C64706 /* MacSessionEditorController.swift */; };
		08F448FB1C4E244500C64706 /* MacSessionMultiController.swift in Sources */ = {isa = PBXBuildFile; fileRef = 08F448F61C4E244500C64706 /* MacSessionMultiController.swift */; };
		08F448FC1C4E244500C64706 /* MacSessionOutputController.swift in Sources */ = {isa = PBXBuildFile; fileRef = 08F448F71C4E244500C64706 /* MacSessionOutputController.swift */; };
		08F448FD1C4E244500C64706 /* MacSessionView.storyboard in Resources */ = {isa = PBXBuildFile; fileRef = 08F448F81C4E244500C64706 /* MacSessionView.storyboard */; };
		08F449001C4EBEF100C64706 /* MacSplitter.swift in Sources */ = {isa = PBXBuildFile; fileRef = 08F448FF1C4EBEF100C64706 /* MacSplitter.swift */; };
/* End PBXBuildFile section */

/* Begin PBXContainerItemProxy section */
		088CE67B1C4B0AF500153414 /* PBXContainerItemProxy */ = {
			isa = PBXContainerItemProxy;
			containerPortal = 088CE6611C4B0AF400153414 /* Project object */;
			proxyType = 1;
			remoteGlobalIDString = 088CE6681C4B0AF400153414;
			remoteInfo = MacClient;
		};
/* End PBXContainerItemProxy section */

/* Begin PBXCopyFilesBuildPhase section */
		088CE6921C4B136800153414 /* Embed Frameworks */ = {
			isa = PBXCopyFilesBuildPhase;
			buildActionMask = 2147483647;
			dstPath = "";
			dstSubfolderSpec = 10;
			files = (
				088CE68F1C4B136800153414 /* SwiftyJSON.framework in Embed Frameworks */,
				088CE68D1C4B136800153414 /* Starscream.framework in Embed Frameworks */,
				088CE6911C4B136800153414 /* XCGLogger.framework in Embed Frameworks */,
			);
			name = "Embed Frameworks";
			runOnlyForDeploymentPostprocessing = 0;
		};
/* End PBXCopyFilesBuildPhase section */

/* Begin PBXFileReference section */
		083305D21C4FC78C00E27F66 /* NSToolbarItem+Validate.swift */ = {isa = PBXFileReference; fileEncoding = 4; lastKnownFileType = sourcecode.swift; path = "NSToolbarItem+Validate.swift"; sourceTree = "<group>"; };
		083305D41C4FE0E900E27F66 /* ToolbarValidationTests.swift */ = {isa = PBXFileReference; fileEncoding = 4; lastKnownFileType = sourcecode.swift; path = ToolbarValidationTests.swift; sourceTree = "<group>"; };
		083305D61C4FE79700E27F66 /* ToolbarItemHandler.swift */ = {isa = PBXFileReference; fileEncoding = 4; lastKnownFileType = sourcecode.swift; path = ToolbarItemHandler.swift; sourceTree = "<group>"; };
		083305D81C501B7300E27F66 /* MainWindowController.swift */ = {isa = PBXFileReference; fileEncoding = 4; lastKnownFileType = sourcecode.swift; path = MainWindowController.swift; sourceTree = "<group>"; };
		083305DA1C50284600E27F66 /* MacSessionView.swift */ = {isa = PBXFileReference; fileEncoding = 4; lastKnownFileType = sourcecode.swift; path = MacSessionView.swift; sourceTree = "<group>"; };
		083305DC1C511F4700E27F66 /* RecursiveFlatMap.swift */ = {isa = PBXFileReference; fileEncoding = 4; lastKnownFileType = sourcecode.swift; path = RecursiveFlatMap.swift; sourceTree = "<group>"; };
		083305DF1C51571500E27F66 /* Base */ = {isa = PBXFileReference; lastKnownFileType = text.plist.strings; name = Base; path = Base.lproj/Localizable.strings; sourceTree = "<group>"; };
		083305E11C517F8900E27F66 /* FileViewContrfoller.swift */ = {isa = PBXFileReference; fileEncoding = 4; lastKnownFileType = sourcecode.swift; path = FileViewContrfoller.swift; sourceTree = "<group>"; };
		083305E31C517FC000E27F66 /* VariableViewController.swift */ = {isa = PBXFileReference; fileEncoding = 4; lastKnownFileType = sourcecode.swift; path = VariableViewController.swift; sourceTree = "<group>"; };
		083305E51C517FE300E27F66 /* UsersViewController.swift */ = {isa = PBXFileReference; fileEncoding = 4; lastKnownFileType = sourcecode.swift; path = UsersViewController.swift; sourceTree = "<group>"; };
		083305E71C51812300E27F66 /* AbstractSessionViewController.swift */ = {isa = PBXFileReference; fileEncoding = 4; lastKnownFileType = sourcecode.swift; path = AbstractSessionViewController.swift; sourceTree = "<group>"; };
		083305E91C5188F700E27F66 /* KeyValueObserver.swift */ = {isa = PBXFileReference; fileEncoding = 4; lastKnownFileType = sourcecode.swift; path = KeyValueObserver.swift; sourceTree = "<group>"; };
		083305EB1C518CF300E27F66 /* KeyValueObserverTests.swift */ = {isa = PBXFileReference; fileEncoding = 4; lastKnownFileType = sourcecode.swift; path = KeyValueObserverTests.swift; sourceTree = "<group>"; };
		088CE6691C4B0AF400153414 /* MacClient.app */ = {isa = PBXFileReference; explicitFileType = wrapper.application; includeInIndex = 0; path = MacClient.app; sourceTree = BUILT_PRODUCTS_DIR; };
		088CE66C1C4B0AF400153414 /* MacAppDelegate.swift */ = {isa = PBXFileReference; lastKnownFileType = sourcecode.swift; path = MacAppDelegate.swift; sourceTree = "<group>"; };
		088CE66E1C4B0AF400153414 /* LoginViewController.swift */ = {isa = PBXFileReference; lastKnownFileType = sourcecode.swift; path = LoginViewController.swift; sourceTree = "<group>"; };
		088CE6701C4B0AF400153414 /* Assets.xcassets */ = {isa = PBXFileReference; lastKnownFileType = folder.assetcatalog; path = Assets.xcassets; sourceTree = "<group>"; };
		088CE6731C4B0AF400153414 /* Base */ = {isa = PBXFileReference; lastKnownFileType = file.storyboard; name = Base; path = Base.lproj/Main.storyboard; sourceTree = "<group>"; };
		088CE6751C4B0AF400153414 /* Info.plist */ = {isa = PBXFileReference; lastKnownFileType = text.plist.xml; path = Info.plist; sourceTree = "<group>"; };
		088CE67A1C4B0AF500153414 /* MacClientTests.xctest */ = {isa = PBXFileReference; explicitFileType = wrapper.cfbundle; includeInIndex = 0; path = MacClientTests.xctest; sourceTree = BUILT_PRODUCTS_DIR; };
		088CE67E1C4B0AF500153414 /* MacClientTests.swift */ = {isa = PBXFileReference; lastKnownFileType = sourcecode.swift; path = MacClientTests.swift; sourceTree = "<group>"; };
		088CE6801C4B0AF500153414 /* Info.plist */ = {isa = PBXFileReference; lastKnownFileType = text.plist.xml; path = Info.plist; sourceTree = "<group>"; };
		088CE6891C4B136700153414 /* Starscream.framework */ = {isa = PBXFileReference; lastKnownFileType = wrapper.framework; name = Starscream.framework; path = Carthage/Build/Mac/Starscream.framework; sourceTree = "<group>"; };
		088CE68A1C4B136800153414 /* SwiftyJSON.framework */ = {isa = PBXFileReference; lastKnownFileType = wrapper.framework; name = SwiftyJSON.framework; path = Carthage/Build/Mac/SwiftyJSON.framework; sourceTree = "<group>"; };
		088CE68B1C4B136800153414 /* XCGLogger.framework */ = {isa = PBXFileReference; lastKnownFileType = wrapper.framework; name = XCGLogger.framework; path = Carthage/Build/Mac/XCGLogger.framework; sourceTree = "<group>"; };
		088CE6951C4B605D00153414 /* ColorEnums.swift */ = {isa = PBXFileReference; fileEncoding = 4; lastKnownFileType = sourcecode.swift; path = ColorEnums.swift; sourceTree = "<group>"; };
		088CE6971C4B605D00153414 /* File.swift */ = {isa = PBXFileReference; fileEncoding = 4; lastKnownFileType = sourcecode.swift; path = File.swift; sourceTree = "<group>"; };
		088CE6981C4B605D00153414 /* FileType.swift */ = {isa = PBXFileReference; fileEncoding = 4; lastKnownFileType = sourcecode.swift; path = FileType.swift; sourceTree = "<group>"; };
		088CE6991C4B605D00153414 /* FileTypes.plist */ = {isa = PBXFileReference; fileEncoding = 4; lastKnownFileType = text.plist.xml; path = FileTypes.plist; sourceTree = "<group>"; };
		088CE69A1C4B605D00153414 /* LoginSession.swift */ = {isa = PBXFileReference; fileEncoding = 4; lastKnownFileType = sourcecode.swift; path = LoginSession.swift; sourceTree = "<group>"; };
		088CE69B1C4B605D00153414 /* User.swift */ = {isa = PBXFileReference; fileEncoding = 4; lastKnownFileType = sourcecode.swift; path = User.swift; sourceTree = "<group>"; };
		088CE69C1C4B605D00153414 /* Workspace.swift */ = {isa = PBXFileReference; fileEncoding = 4; lastKnownFileType = sourcecode.swift; path = Workspace.swift; sourceTree = "<group>"; };
		088CE69E1C4B605D00153414 /* RestHosts.json */ = {isa = PBXFileReference; fileEncoding = 4; lastKnownFileType = text.json; path = RestHosts.json; sourceTree = "<group>"; };
		088CE69F1C4B605D00153414 /* RestServer.swift */ = {isa = PBXFileReference; fileEncoding = 4; lastKnownFileType = sourcecode.swift; path = RestServer.swift; sourceTree = "<group>"; };
		088CE6A01C4B605D00153414 /* ServerResponse.swift */ = {isa = PBXFileReference; fileEncoding = 4; lastKnownFileType = sourcecode.swift; path = ServerResponse.swift; sourceTree = "<group>"; };
		088CE6A11C4B605D00153414 /* Session.swift */ = {isa = PBXFileReference; fileEncoding = 4; lastKnownFileType = sourcecode.swift; path = Session.swift; sourceTree = "<group>"; };
		088CE6A21C4B605D00153414 /* WebSocketSource.swift */ = {isa = PBXFileReference; fileEncoding = 4; lastKnownFileType = sourcecode.swift; path = WebSocketSource.swift; sourceTree = "<group>"; };
		088CE6A31C4B605D00153414 /* SystemExtensions.swift */ = {isa = PBXFileReference; fileEncoding = 4; lastKnownFileType = sourcecode.swift; path = SystemExtensions.swift; sourceTree = "<group>"; };
		088CE6B51C4B71F300153414 /* Constants.swift */ = {isa = PBXFileReference; fileEncoding = 4; lastKnownFileType = sourcecode.swift; path = Constants.swift; sourceTree = "<group>"; };
		088CE6B71C4C44A800153414 /* Keychain.swift */ = {isa = PBXFileReference; fileEncoding = 4; lastKnownFileType = sourcecode.swift; path = Keychain.swift; sourceTree = "<group>"; };
		088CE6B91C4C44BD00153414 /* Security.framework */ = {isa = PBXFileReference; lastKnownFileType = wrapper.framework; name = Security.framework; path = System/Library/Frameworks/Security.framework; sourceTree = SDKROOT; };
		088CE6BB1C4C508000153414 /* KeychainTests.swift */ = {isa = PBXFileReference; fileEncoding = 4; lastKnownFileType = sourcecode.swift; path = KeychainTests.swift; sourceTree = "<group>"; };
		088CE6BD1C4DAFA500153414 /* WorkspacesViewController.swift */ = {isa = PBXFileReference; fileEncoding = 4; lastKnownFileType = sourcecode.swift; path = WorkspacesViewController.swift; sourceTree = "<group>"; };
		08F448F41C4E244500C64706 /* MacSessionController.swift */ = {isa = PBXFileReference; fileEncoding = 4; lastKnownFileType = sourcecode.swift; path = MacSessionController.swift; sourceTree = "<group>"; };
		08F448F51C4E244500C64706 /* MacSessionEditorController.swift */ = {isa = PBXFileReference; fileEncoding = 4; lastKnownFileType = sourcecode.swift; path = MacSessionEditorController.swift; sourceTree = "<group>"; };
		08F448F61C4E244500C64706 /* MacSessionMultiController.swift */ = {isa = PBXFileReference; fileEncoding = 4; lastKnownFileType = sourcecode.swift; path = MacSessionMultiController.swift; sourceTree = "<group>"; };
		08F448F71C4E244500C64706 /* MacSessionOutputController.swift */ = {isa = PBXFileReference; fileEncoding = 4; lastKnownFileType = sourcecode.swift; path = MacSessionOutputController.swift; sourceTree = "<group>"; };
		08F448F81C4E244500C64706 /* MacSessionView.storyboard */ = {isa = PBXFileReference; fileEncoding = 4; lastKnownFileType = file.storyboard; path = MacSessionView.storyboard; sourceTree = "<group>"; };
		08F448FF1C4EBEF100C64706 /* MacSplitter.swift */ = {isa = PBXFileReference; fileEncoding = 4; lastKnownFileType = sourcecode.swift; path = MacSplitter.swift; sourceTree = "<group>"; };
/* End PBXFileReference section */

/* Begin PBXFrameworksBuildPhase section */
		088CE6661C4B0AF400153414 /* Frameworks */ = {
			isa = PBXFrameworksBuildPhase;
			buildActionMask = 2147483647;
			files = (
				088CE6BA1C4C44BE00153414 /* Security.framework in Frameworks */,
				088CE68E1C4B136800153414 /* SwiftyJSON.framework in Frameworks */,
				088CE68C1C4B136800153414 /* Starscream.framework in Frameworks */,
				088CE6901C4B136800153414 /* XCGLogger.framework in Frameworks */,
			);
			runOnlyForDeploymentPostprocessing = 0;
		};
		088CE6771C4B0AF500153414 /* Frameworks */ = {
			isa = PBXFrameworksBuildPhase;
			buildActionMask = 2147483647;
			files = (
			);
			runOnlyForDeploymentPostprocessing = 0;
		};
/* End PBXFrameworksBuildPhase section */

/* Begin PBXGroup section */
		083305D11C4FC76C00E27F66 /* extensions */ = {
			isa = PBXGroup;
			children = (
				083305D21C4FC78C00E27F66 /* NSToolbarItem+Validate.swift */,
			);
			path = extensions;
			sourceTree = "<group>";
		};
		088CE6601C4B0AF400153414 = {
			isa = PBXGroup;
			children = (
				088CE66B1C4B0AF400153414 /* MacClient */,
				088CE6941C4B605D00153414 /* shared */,
				088CE6931C4B144800153414 /* Frameworks */,
				088CE67D1C4B0AF500153414 /* MacClientTests */,
				088CE66A1C4B0AF400153414 /* Products */,
			);
			sourceTree = "<group>";
		};
		088CE66A1C4B0AF400153414 /* Products */ = {
			isa = PBXGroup;
			children = (
				088CE6691C4B0AF400153414 /* MacClient.app */,
				088CE67A1C4B0AF500153414 /* MacClientTests.xctest */,
			);
			name = Products;
			sourceTree = "<group>";
		};
		088CE66B1C4B0AF400153414 /* MacClient */ = {
			isa = PBXGroup;
			children = (
				088CE66C1C4B0AF400153414 /* MacAppDelegate.swift */,
				088CE66E1C4B0AF400153414 /* LoginViewController.swift */,
				088CE6701C4B0AF400153414 /* Assets.xcassets */,
				088CE6721C4B0AF400153414 /* Main.storyboard */,
				083305D81C501B7300E27F66 /* MainWindowController.swift */,
				088CE6BF1C4DAFAB00153414 /* workspaces */,
				08F448F31C4E244500C64706 /* session */,
				083305D11C4FC76C00E27F66 /* extensions */,
				088CE6751C4B0AF400153414 /* Info.plist */,
				083305D61C4FE79700E27F66 /* ToolbarItemHandler.swift */,
				083305DE1C51571500E27F66 /* Localizable.strings */,
			);
			path = MacClient;
			sourceTree = "<group>";
		};
		088CE67D1C4B0AF500153414 /* MacClientTests */ = {
			isa = PBXGroup;
			children = (
				088CE67E1C4B0AF500153414 /* MacClientTests.swift */,
				088CE6801C4B0AF500153414 /* Info.plist */,
				088CE6BB1C4C508000153414 /* KeychainTests.swift */,
				083305D41C4FE0E900E27F66 /* ToolbarValidationTests.swift */,
				083305EB1C518CF300E27F66 /* KeyValueObserverTests.swift */,
			);
			path = MacClientTests;
			sourceTree = "<group>";
		};
		088CE6931C4B144800153414 /* Frameworks */ = {
			isa = PBXGroup;
			children = (
				088CE6B91C4C44BD00153414 /* Security.framework */,
				088CE6891C4B136700153414 /* Starscream.framework */,
				088CE68A1C4B136800153414 /* SwiftyJSON.framework */,
				088CE68B1C4B136800153414 /* XCGLogger.framework */,
			);
			name = Frameworks;
			sourceTree = "<group>";
		};
		088CE6941C4B605D00153414 /* shared */ = {
			isa = PBXGroup;
			children = (
				088CE6B51C4B71F300153414 /* Constants.swift */,
				088CE6961C4B605D00153414 /* model */,
				088CE69D1C4B605D00153414 /* networking */,
				088CE6951C4B605D00153414 /* ColorEnums.swift */,
				088CE6A31C4B605D00153414 /* SystemExtensions.swift */,
				088CE6B71C4C44A800153414 /* Keychain.swift */,
				083305DC1C511F4700E27F66 /* RecursiveFlatMap.swift */,
				083305E91C5188F700E27F66 /* KeyValueObserver.swift */,
			);
			path = shared;
			sourceTree = "<group>";
		};
		088CE6961C4B605D00153414 /* model */ = {
			isa = PBXGroup;
			children = (
				088CE6971C4B605D00153414 /* File.swift */,
				088CE6981C4B605D00153414 /* FileType.swift */,
				088CE6991C4B605D00153414 /* FileTypes.plist */,
				088CE69A1C4B605D00153414 /* LoginSession.swift */,
				088CE69B1C4B605D00153414 /* User.swift */,
				088CE69C1C4B605D00153414 /* Workspace.swift */,
			);
			path = model;
			sourceTree = "<group>";
		};
		088CE69D1C4B605D00153414 /* networking */ = {
			isa = PBXGroup;
			children = (
				088CE69E1C4B605D00153414 /* RestHosts.json */,
				088CE69F1C4B605D00153414 /* RestServer.swift */,
				088CE6A01C4B605D00153414 /* ServerResponse.swift */,
				088CE6A11C4B605D00153414 /* Session.swift */,
				088CE6A21C4B605D00153414 /* WebSocketSource.swift */,
			);
			path = networking;
			sourceTree = "<group>";
		};
		088CE6BF1C4DAFAB00153414 /* workspaces */ = {
			isa = PBXGroup;
			children = (
				088CE6BD1C4DAFA500153414 /* WorkspacesViewController.swift */,
			);
			path = workspaces;
			sourceTree = "<group>";
		};
		08F448F31C4E244500C64706 /* session */ = {
			isa = PBXGroup;
			children = (
				083305E71C51812300E27F66 /* AbstractSessionViewController.swift */,
				08F448F41C4E244500C64706 /* MacSessionController.swift */,
				083305DA1C50284600E27F66 /* MacSessionView.swift */,
				08F448F51C4E244500C64706 /* MacSessionEditorController.swift */,
				08F448F61C4E244500C64706 /* MacSessionMultiController.swift */,
				08F448F71C4E244500C64706 /* MacSessionOutputController.swift */,
				08F448FF1C4EBEF100C64706 /* MacSplitter.swift */,
				083305E11C517F8900E27F66 /* FileViewContrfoller.swift */,
				083305E31C517FC000E27F66 /* VariableViewController.swift */,
				083305E51C517FE300E27F66 /* UsersViewController.swift */,
				08F448F81C4E244500C64706 /* MacSessionView.storyboard */,
			);
			path = session;
			sourceTree = "<group>";
		};
/* End PBXGroup section */

/* Begin PBXNativeTarget section */
		088CE6681C4B0AF400153414 /* MacClient */ = {
			isa = PBXNativeTarget;
			buildConfigurationList = 088CE6831C4B0AF500153414 /* Build configuration list for PBXNativeTarget "MacClient" */;
			buildPhases = (
				088CE6651C4B0AF400153414 /* Sources */,
				088CE6661C4B0AF400153414 /* Frameworks */,
				088CE6671C4B0AF400153414 /* Resources */,
				088CE6921C4B136800153414 /* Embed Frameworks */,
			);
			buildRules = (
			);
			dependencies = (
			);
			name = MacClient;
			productName = MacClient;
			productReference = 088CE6691C4B0AF400153414 /* MacClient.app */;
			productType = "com.apple.product-type.application";
		};
		088CE6791C4B0AF500153414 /* MacClientTests */ = {
			isa = PBXNativeTarget;
			buildConfigurationList = 088CE6861C4B0AF500153414 /* Build configuration list for PBXNativeTarget "MacClientTests" */;
			buildPhases = (
				088CE6761C4B0AF500153414 /* Sources */,
				088CE6771C4B0AF500153414 /* Frameworks */,
				088CE6781C4B0AF500153414 /* Resources */,
			);
			buildRules = (
			);
			dependencies = (
				088CE67C1C4B0AF500153414 /* PBXTargetDependency */,
			);
			name = MacClientTests;
			productName = MacClientTests;
			productReference = 088CE67A1C4B0AF500153414 /* MacClientTests.xctest */;
			productType = "com.apple.product-type.bundle.unit-test";
		};
/* End PBXNativeTarget section */

/* Begin PBXProject section */
		088CE6611C4B0AF400153414 /* Project object */ = {
			isa = PBXProject;
			attributes = {
				LastSwiftUpdateCheck = 0720;
				LastUpgradeCheck = 0720;
				ORGANIZATIONNAME = Rc2;
				TargetAttributes = {
					088CE6681C4B0AF400153414 = {
						CreatedOnToolsVersion = 7.2;
						DevelopmentTeam = LRMKU6353E;
					};
					088CE6791C4B0AF500153414 = {
						CreatedOnToolsVersion = 7.2;
						TestTargetID = 088CE6681C4B0AF400153414;
					};
				};
			};
			buildConfigurationList = 088CE6641C4B0AF400153414 /* Build configuration list for PBXProject "SwiftClient" */;
			compatibilityVersion = "Xcode 3.2";
			developmentRegion = English;
			hasScannedForEncodings = 0;
			knownRegions = (
				en,
				Base,
			);
			mainGroup = 088CE6601C4B0AF400153414;
			productRefGroup = 088CE66A1C4B0AF400153414 /* Products */;
			projectDirPath = "";
			projectRoot = "";
			targets = (
				088CE6681C4B0AF400153414 /* MacClient */,
				088CE6791C4B0AF500153414 /* MacClientTests */,
			);
		};
/* End PBXProject section */

/* Begin PBXResourcesBuildPhase section */
		088CE6671C4B0AF400153414 /* Resources */ = {
			isa = PBXResourcesBuildPhase;
			buildActionMask = 2147483647;
			files = (
				088CE6711C4B0AF400153414 /* Assets.xcassets in Resources */,
				083305E01C51571500E27F66 /* Localizable.strings in Resources */,
				08F448FD1C4E244500C64706 /* MacSessionView.storyboard in Resources */,
				088CE6AB1C4B605D00153414 /* RestHosts.json in Resources */,
				088CE6741C4B0AF400153414 /* Main.storyboard in Resources */,
				088CE6A71C4B605D00153414 /* FileTypes.plist in Resources */,
			);
			runOnlyForDeploymentPostprocessing = 0;
		};
		088CE6781C4B0AF500153414 /* Resources */ = {
			isa = PBXResourcesBuildPhase;
			buildActionMask = 2147483647;
			files = (
			);
			runOnlyForDeploymentPostprocessing = 0;
		};
/* End PBXResourcesBuildPhase section */

/* Begin PBXSourcesBuildPhase section */
		088CE6651C4B0AF400153414 /* Sources */ = {
			isa = PBXSourcesBuildPhase;
			buildActionMask = 2147483647;
			files = (
				083305DB1C50284600E27F66 /* MacSessionView.swift in Sources */,
				088CE6AF1C4B605D00153414 /* WebSocketSource.swift in Sources */,
				088CE6B01C4B605D00153414 /* SystemExtensions.swift in Sources */,
				088CE6A41C4B605D00153414 /* ColorEnums.swift in Sources */,
				083305E41C517FC000E27F66 /* VariableViewController.swift in Sources */,
				088CE6AA1C4B605D00153414 /* Workspace.swift in Sources */,
				088CE6A51C4B605D00153414 /* File.swift in Sources */,
				08F448FB1C4E244500C64706 /* MacSessionMultiController.swift in Sources */,
				088CE6A61C4B605D00153414 /* FileType.swift in Sources */,
				088CE66F1C4B0AF400153414 /* LoginViewController.swift in Sources */,
				088CE6A81C4B605D00153414 /* LoginSession.swift in Sources */,
				08F448FA1C4E244500C64706 /* MacSessionEditorController.swift in Sources */,
				08F448FC1C4E244500C64706 /* MacSessionOutputController.swift in Sources */,
				083305E81C51812300E27F66 /* AbstractSessionViewController.swift in Sources */,
				088CE66D1C4B0AF400153414 /* MacAppDelegate.swift in Sources */,
				083305D71C4FE79700E27F66 /* ToolbarItemHandler.swift in Sources */,
				08F448F91C4E244500C64706 /* MacSessionController.swift in Sources */,
				083305D91C501B7300E27F66 /* MainWindowController.swift in Sources */,
				083305E61C517FE300E27F66 /* UsersViewController.swift in Sources */,
				083305D31C4FC78C00E27F66 /* NSToolbarItem+Validate.swift in Sources */,
				083305E21C517F8900E27F66 /* FileViewContrfoller.swift in Sources */,
				088CE6AE1C4B605D00153414 /* Session.swift in Sources */,
				08F449001C4EBEF100C64706 /* MacSplitter.swift in Sources */,
				088CE6BE1C4DAFA500153414 /* WorkspacesViewController.swift in Sources */,
				083305EA1C5188F700E27F66 /* KeyValueObserver.swift in Sources */,
				088CE6AC1C4B605D00153414 /* RestServer.swift in Sources */,
				088CE6B61C4B71F300153414 /* Constants.swift in Sources */,
				083305DD1C511F4700E27F66 /* RecursiveFlatMap.swift in Sources */,
				088CE6A91C4B605D00153414 /* User.swift in Sources */,
				088CE6AD1C4B605D00153414 /* ServerResponse.swift in Sources */,
				088CE6B81C4C44A800153414 /* Keychain.swift in Sources */,
			);
			runOnlyForDeploymentPostprocessing = 0;
		};
		088CE6761C4B0AF500153414 /* Sources */ = {
			isa = PBXSourcesBuildPhase;
			buildActionMask = 2147483647;
			files = (
				088CE67F1C4B0AF500153414 /* MacClientTests.swift in Sources */,
				088CE6BC1C4C508000153414 /* KeychainTests.swift in Sources */,
				083305D51C4FE0E900E27F66 /* ToolbarValidationTests.swift in Sources */,
				083305EC1C518CF300E27F66 /* KeyValueObserverTests.swift in Sources */,
			);
			runOnlyForDeploymentPostprocessing = 0;
		};
/* End PBXSourcesBuildPhase section */

/* Begin PBXTargetDependency section */
		088CE67C1C4B0AF500153414 /* PBXTargetDependency */ = {
			isa = PBXTargetDependency;
			target = 088CE6681C4B0AF400153414 /* MacClient */;
			targetProxy = 088CE67B1C4B0AF500153414 /* PBXContainerItemProxy */;
		};
/* End PBXTargetDependency section */

/* Begin PBXVariantGroup section */
		083305DE1C51571500E27F66 /* Localizable.strings */ = {
			isa = PBXVariantGroup;
			children = (
				083305DF1C51571500E27F66 /* Base */,
			);
			name = Localizable.strings;
			sourceTree = "<group>";
		};
		088CE6721C4B0AF400153414 /* Main.storyboard */ = {
			isa = PBXVariantGroup;
			children = (
				088CE6731C4B0AF400153414 /* Base */,
			);
			name = Main.storyboard;
			sourceTree = "<group>";
		};
/* End PBXVariantGroup section */

/* Begin XCBuildConfiguration section */
		088CE6811C4B0AF500153414 /* Debug */ = {
			isa = XCBuildConfiguration;
			buildSettings = {
				ALWAYS_SEARCH_USER_PATHS = NO;
				CLANG_CXX_LANGUAGE_STANDARD = "gnu++0x";
				CLANG_CXX_LIBRARY = "libc++";
				CLANG_ENABLE_MODULES = YES;
				CLANG_ENABLE_OBJC_ARC = YES;
				CLANG_WARN_BOOL_CONVERSION = YES;
				CLANG_WARN_CONSTANT_CONVERSION = YES;
				CLANG_WARN_DIRECT_OBJC_ISA_USAGE = YES_ERROR;
				CLANG_WARN_EMPTY_BODY = YES;
				CLANG_WARN_ENUM_CONVERSION = YES;
				CLANG_WARN_INT_CONVERSION = YES;
				CLANG_WARN_OBJC_ROOT_CLASS = YES_ERROR;
				CLANG_WARN_UNREACHABLE_CODE = YES;
				CLANG_WARN__DUPLICATE_METHOD_MATCH = YES;
				CODE_SIGN_IDENTITY = "-";
				COPY_PHASE_STRIP = NO;
				DEBUG_INFORMATION_FORMAT = dwarf;
				ENABLE_STRICT_OBJC_MSGSEND = YES;
				ENABLE_TESTABILITY = YES;
				GCC_C_LANGUAGE_STANDARD = gnu99;
				GCC_DYNAMIC_NO_PIC = NO;
				GCC_NO_COMMON_BLOCKS = YES;
				GCC_OPTIMIZATION_LEVEL = 0;
				GCC_PREPROCESSOR_DEFINITIONS = (
					"DEBUG=1",
					"$(inherited)",
				);
				GCC_WARN_64_TO_32_BIT_CONVERSION = YES;
				GCC_WARN_ABOUT_RETURN_TYPE = YES_ERROR;
				GCC_WARN_UNDECLARED_SELECTOR = YES;
				GCC_WARN_UNINITIALIZED_AUTOS = YES_AGGRESSIVE;
				GCC_WARN_UNUSED_FUNCTION = YES;
				GCC_WARN_UNUSED_VARIABLE = YES;
				MACOSX_DEPLOYMENT_TARGET = 10.11;
				MTL_ENABLE_DEBUG_INFO = YES;
				ONLY_ACTIVE_ARCH = YES;
				SDKROOT = macosx;
				SWIFT_OPTIMIZATION_LEVEL = "-Onone";
			};
			name = Debug;
		};
		088CE6821C4B0AF500153414 /* Release */ = {
			isa = XCBuildConfiguration;
			buildSettings = {
				ALWAYS_SEARCH_USER_PATHS = NO;
				CLANG_CXX_LANGUAGE_STANDARD = "gnu++0x";
				CLANG_CXX_LIBRARY = "libc++";
				CLANG_ENABLE_MODULES = YES;
				CLANG_ENABLE_OBJC_ARC = YES;
				CLANG_WARN_BOOL_CONVERSION = YES;
				CLANG_WARN_CONSTANT_CONVERSION = YES;
				CLANG_WARN_DIRECT_OBJC_ISA_USAGE = YES_ERROR;
				CLANG_WARN_EMPTY_BODY = YES;
				CLANG_WARN_ENUM_CONVERSION = YES;
				CLANG_WARN_INT_CONVERSION = YES;
				CLANG_WARN_OBJC_ROOT_CLASS = YES_ERROR;
				CLANG_WARN_UNREACHABLE_CODE = YES;
				CLANG_WARN__DUPLICATE_METHOD_MATCH = YES;
				CODE_SIGN_IDENTITY = "-";
				COPY_PHASE_STRIP = NO;
				DEBUG_INFORMATION_FORMAT = "dwarf-with-dsym";
				ENABLE_NS_ASSERTIONS = NO;
				ENABLE_STRICT_OBJC_MSGSEND = YES;
				GCC_C_LANGUAGE_STANDARD = gnu99;
				GCC_NO_COMMON_BLOCKS = YES;
				GCC_WARN_64_TO_32_BIT_CONVERSION = YES;
				GCC_WARN_ABOUT_RETURN_TYPE = YES_ERROR;
				GCC_WARN_UNDECLARED_SELECTOR = YES;
				GCC_WARN_UNINITIALIZED_AUTOS = YES_AGGRESSIVE;
				GCC_WARN_UNUSED_FUNCTION = YES;
				GCC_WARN_UNUSED_VARIABLE = YES;
				MACOSX_DEPLOYMENT_TARGET = 10.11;
				MTL_ENABLE_DEBUG_INFO = NO;
				SDKROOT = macosx;
			};
			name = Release;
		};
		088CE6841C4B0AF500153414 /* Debug */ = {
			isa = XCBuildConfiguration;
			buildSettings = {
				ASSETCATALOG_COMPILER_APPICON_NAME = AppIcon;
				CODE_SIGN_IDENTITY = "Mac Developer";
				"CODE_SIGN_IDENTITY[sdk=macosx*]" = "Mac Developer";
				COMBINE_HIDPI_IMAGES = YES;
				FRAMEWORK_SEARCH_PATHS = (
					"$(inherited)",
					"$(PROJECT_DIR)/Carthage/Build/Mac",
				);
				INFOPLIST_FILE = MacClient/Info.plist;
				LD_RUNPATH_SEARCH_PATHS = "$(inherited) @executable_path/../Frameworks";
				PRODUCT_BUNDLE_IDENTIFIER = io.rc2.MacClient;
				PRODUCT_NAME = "$(TARGET_NAME)";
				PROVISIONING_PROFILE = "";
			};
			name = Debug;
		};
		088CE6851C4B0AF500153414 /* Release */ = {
			isa = XCBuildConfiguration;
			buildSettings = {
				ASSETCATALOG_COMPILER_APPICON_NAME = AppIcon;
				CODE_SIGN_IDENTITY = "Mac Developer";
				"CODE_SIGN_IDENTITY[sdk=macosx*]" = "Mac Developer";
				COMBINE_HIDPI_IMAGES = YES;
				FRAMEWORK_SEARCH_PATHS = (
					"$(inherited)",
					"$(PROJECT_DIR)/Carthage/Build/Mac",
				);
				INFOPLIST_FILE = MacClient/Info.plist;
				LD_RUNPATH_SEARCH_PATHS = "$(inherited) @executable_path/../Frameworks";
				PRODUCT_BUNDLE_IDENTIFIER = io.rc2.MacClient;
				PRODUCT_NAME = "$(TARGET_NAME)";
				PROVISIONING_PROFILE = "";
			};
			name = Release;
		};
		088CE6871C4B0AF500153414 /* Debug */ = {
			isa = XCBuildConfiguration;
			buildSettings = {
				BUNDLE_LOADER = "$(TEST_HOST)";
				COMBINE_HIDPI_IMAGES = YES;
				INFOPLIST_FILE = MacClientTests/Info.plist;
				LD_RUNPATH_SEARCH_PATHS = "$(inherited) @executable_path/../Frameworks @loader_path/../Frameworks";
				PRODUCT_BUNDLE_IDENTIFIER = io.rc2.MacClientTests;
				PRODUCT_NAME = "$(TARGET_NAME)";
				TEST_HOST = "$(BUILT_PRODUCTS_DIR)/MacClient.app/Contents/MacOS/MacClient";
			};
			name = Debug;
		};
		088CE6881C4B0AF500153414 /* Release */ = {
			isa = XCBuildConfiguration;
			buildSettings = {
				BUNDLE_LOADER = "$(TEST_HOST)";
				COMBINE_HIDPI_IMAGES = YES;
				INFOPLIST_FILE = MacClientTests/Info.plist;
				LD_RUNPATH_SEARCH_PATHS = "$(inherited) @executable_path/../Frameworks @loader_path/../Frameworks";
				PRODUCT_BUNDLE_IDENTIFIER = io.rc2.MacClientTests;
				PRODUCT_NAME = "$(TARGET_NAME)";
				TEST_HOST = "$(BUILT_PRODUCTS_DIR)/MacClient.app/Contents/MacOS/MacClient";
			};
			name = Release;
		};
/* End XCBuildConfiguration section */

/* Begin XCConfigurationList section */
		088CE6641C4B0AF400153414 /* Build configuration list for PBXProject "SwiftClient" */ = {
			isa = XCConfigurationList;
			buildConfigurations = (
				088CE6811C4B0AF500153414 /* Debug */,
				088CE6821C4B0AF500153414 /* Release */,
			);
			defaultConfigurationIsVisible = 0;
			defaultConfigurationName = Release;
		};
		088CE6831C4B0AF500153414 /* Build configuration list for PBXNativeTarget "MacClient" */ = {
			isa = XCConfigurationList;
			buildConfigurations = (
				088CE6841C4B0AF500153414 /* Debug */,
				088CE6851C4B0AF500153414 /* Release */,
			);
			defaultConfigurationIsVisible = 0;
			defaultConfigurationName = Release;
		};
		088CE6861C4B0AF500153414 /* Build configuration list for PBXNativeTarget "MacClientTests" */ = {
			isa = XCConfigurationList;
			buildConfigurations = (
				088CE6871C4B0AF500153414 /* Debug */,
				088CE6881C4B0AF500153414 /* Release */,
			);
			defaultConfigurationIsVisible = 0;
			defaultConfigurationName = Release;
		};
/* End XCConfigurationList section */
	};
	rootObject = 088CE6611C4B0AF400153414 /* Project object */;
}
